
Microsoft Visual Studio Solution File, Format Version 11.00
# Visual Studio 2010
Project("{FAE04EC0-301F-11D3-BF4B-00C04F79EFBC}") = "NetMX", "NetMX\NetMX.csproj", "{619AD956-B7BC-492D-9722-25DA4891E144}"
EndProject
Project("{FAE04EC0-301F-11D3-BF4B-00C04F79EFBC}") = "NetMX.Server", "NetMX.Default\NetMX.Server.csproj", "{9B9279AA-5B62-4834-9949-F2CCE7318610}"
EndProject
Project("{FAE04EC0-301F-11D3-BF4B-00C04F79EFBC}") = "NetMX.Remote.Remoting", "NetMX.Remote.Remoting\NetMX.Remote.Remoting.csproj", "{FF650A14-16B7-4CB3-BBC0-592FAE591D3D}"
EndProject
Project("{FAE04EC0-301F-11D3-BF4B-00C04F79EFBC}") = "SimpleConsoleDemo", "Samples\SimpleConsoleDemo\SimpleConsoleDemo.csproj", "{3E96B42A-8678-4B4E-BC43-F64F2FFE48B6}"
EndProject
Project("{FAE04EC0-301F-11D3-BF4B-00C04F79EFBC}") = "RemotingDemo", "Samples\RemotingDemo\RemotingDemo.csproj", "{3CB15450-54E5-4CBE-B252-68B15E9A45F3}"
EndProject
Project("{FAE04EC0-301F-11D3-BF4B-00C04F79EFBC}") = "RemotingServerDemo", "Samples\RemotingServerDemo\RemotingServerDemo.csproj", "{717E0E35-9A63-4A2B-B9AE-6C6139CC6861}"
EndProject
Project("{FAE04EC0-301F-11D3-BF4B-00C04F79EFBC}") = "NetMX.Tests", "NetMX.Tests\NetMX.Tests.csproj", "{02C0718F-E261-41BE-BB30-5978AE2E1CC7}"
EndProject
Project("{FAE04EC0-301F-11D3-BF4B-00C04F79EFBC}") = "NetMX.Proxy.Castle", "NetMX.Proxy.Castle\NetMX.Proxy.Castle.csproj", "{2C4128C4-CD09-4CB6-A97B-E8F36E92AA6E}"
EndProject
Project("{FAE04EC0-301F-11D3-BF4B-00C04F79EFBC}") = "CLRMonitoringDemo", "Samples\CLRMonitoringSample\CLRMonitoringDemo.csproj", "{C20C2476-6811-4557-8DA1-389BCB5A4399}"
EndProject
Project("{FAE04EC0-301F-11D3-BF4B-00C04F79EFBC}") = "NetMX.Timer", "NetMX.Timer\NetMX.Timer.csproj", "{5D56EAF4-F219-44CA-B6BD-55A31959CAE6}"
EndProject
Project("{FAE04EC0-301F-11D3-BF4B-00C04F79EFBC}") = "NetMX.Monitor", "NetMX.Monitor\NetMX.Monitor.csproj", "{308E1A58-89D2-4943-84AF-3AC97568D9EE}"
EndProject
Project("{FAE04EC0-301F-11D3-BF4B-00C04F79EFBC}") = "TimersConsoleDemo", "Samples\TimersConsoleDemo\TimersConsoleDemo.csproj", "{FD20227D-E09E-4AF0-B055-F959C09455CE}"
EndProject
Project("{FAE04EC0-301F-11D3-BF4B-00C04F79EFBC}") = "NetMX.Remote.WCF", "NetMX.Remote.ServiceModel\NetMX.Remote.WCF.csproj", "{ED2EA082-7271-4615-8B1F-B9C5BDA695B4}"
EndProject
Project("{FAE04EC0-301F-11D3-BF4B-00C04F79EFBC}") = "NetMX.Spring.BeanExporter", "NetMX.Spring.BeanExporter\NetMX.Spring.BeanExporter.csproj", "{C19B42A6-0CDA-439C-B3E9-6E11FB057733}"
EndProject
Project("{FAE04EC0-301F-11D3-BF4B-00C04F79EFBC}") = "NetMX.Remote.Jsr262", "NetMX.Remote.Jsr262\NetMX.Remote.Jsr262.csproj", "{BA2A4CF7-BE10-4CBC-899C-0976D9DBCC74}"
EndProject
Project("{FAE04EC0-301F-11D3-BF4B-00C04F79EFBC}") = "Jsr262Demo", "Samples\Jsr262Demo\Jsr262Demo.csproj", "{592E0D6E-453B-4C70-9F29-98E684F2A79E}"
EndProject
Project("{FAE04EC0-301F-11D3-BF4B-00C04F79EFBC}") = "NetMX.Remote.Jsr262.Tests", "NetMX.Remote.Jsr262.Tests\NetMX.Remote.Jsr262.Tests.csproj", "{1CB5FB98-FA6A-49D5-B3F5-3B878B437782}"
EndProject
Project("{FAE04EC0-301F-11D3-BF4B-00C04F79EFBC}") = "NetMX.Remote.Tests", "NetMX.Remote.Tests\NetMX.Remote.Tests.csproj", "{47D58C3C-63E6-48A5-B6C9-BE70A48FCA2C}"
EndProject
Project("{FAE04EC0-301F-11D3-BF4B-00C04F79EFBC}") = "NetMX.Remote.Remoting.Tests", "NetMX.Remote.Remoting.Tests\NetMX.Remote.Remoting.Tests.csproj", "{E0762BF1-F906-49AB-B4C1-6880425F3345}"
EndProject
Project("{2150E333-8FDC-42A3-9474-1A3956D46DE8}") = "Demos", "Demos", "{812FFB17-627C-4D83-A577-64713B2C99BB}"
EndProject
Project("{2150E333-8FDC-42A3-9474-1A3956D46DE8}") = "Remote", "Remote", "{FC39F3A2-599C-4FA8-B836-A59797C8FF7E}"
EndProject
Project("{2150E333-8FDC-42A3-9474-1A3956D46DE8}") = "Core", "Core", "{1B348652-5D15-4CC9-8B03-7941466FB562}"
EndProject
Project("{2150E333-8FDC-42A3-9474-1A3956D46DE8}") = "Extensions", "Extensions", "{F8B45652-B702-4D49-A05A-26633A4F3A3B}"
EndProject
Project("{2150E333-8FDC-42A3-9474-1A3956D46DE8}") = "Libs", "Libs", "{72084550-B731-4A63-9AAE-C310B21448EA}"
	ProjectSection(SolutionItems) = preProject
		Libs\antlr.runtime.dll = Libs\antlr.runtime.dll
		Libs\Common.Logging.dll = Libs\Common.Logging.dll
		Libs\nunit.framework.dll = Libs\nunit.framework.dll
		Libs\OpenRasta.dll = Libs\OpenRasta.dll
		Libs\Rhino.Mocks.dll = Libs\Rhino.Mocks.dll
		Libs\Spring.Core.dll = Libs\Spring.Core.dll
		Libs\Spring.Services.dll = Libs\Spring.Services.dll
		Libs\WSMan.NET.dll = Libs\WSMan.NET.dll
		Libs\WSMan.NET.pdb = Libs\WSMan.NET.pdb
	EndProjectSection
EndProject
Project("{FAE04EC0-301F-11D3-BF4B-00C04F79EFBC}") = "NetMX.Remote.HttpAdaptor", "NetMX.Remote.HttpAdaptor\NetMX.Remote.HttpAdaptor.csproj", "{E76990BB-74FE-4FAF-9FEA-8BE7419F9324}"
EndProject
Global
	GlobalSection(SolutionConfigurationPlatforms) = preSolution
		Debug|Any CPU = Debug|Any CPU
		Release|Any CPU = Release|Any CPU
	EndGlobalSection
	GlobalSection(ProjectConfigurationPlatforms) = postSolution
		{619AD956-B7BC-492D-9722-25DA4891E144}.Debug|Any CPU.ActiveCfg = Debug|Any CPU
		{619AD956-B7BC-492D-9722-25DA4891E144}.Debug|Any CPU.Build.0 = Debug|Any CPU
		{619AD956-B7BC-492D-9722-25DA4891E144}.Release|Any CPU.ActiveCfg = Release|Any CPU
		{619AD956-B7BC-492D-9722-25DA4891E144}.Release|Any CPU.Build.0 = Release|Any CPU
		{9B9279AA-5B62-4834-9949-F2CCE7318610}.Debug|Any CPU.ActiveCfg = Debug|Any CPU
		{9B9279AA-5B62-4834-9949-F2CCE7318610}.Debug|Any CPU.Build.0 = Debug|Any CPU
		{9B9279AA-5B62-4834-9949-F2CCE7318610}.Release|Any CPU.ActiveCfg = Release|Any CPU
		{9B9279AA-5B62-4834-9949-F2CCE7318610}.Release|Any CPU.Build.0 = Release|Any CPU
		{FF650A14-16B7-4CB3-BBC0-592FAE591D3D}.Debug|Any CPU.ActiveCfg = Debug|Any CPU
		{FF650A14-16B7-4CB3-BBC0-592FAE591D3D}.Debug|Any CPU.Build.0 = Debug|Any CPU
		{FF650A14-16B7-4CB3-BBC0-592FAE591D3D}.Release|Any CPU.ActiveCfg = Release|Any CPU
		{FF650A14-16B7-4CB3-BBC0-592FAE591D3D}.Release|Any CPU.Build.0 = Release|Any CPU
		{3E96B42A-8678-4B4E-BC43-F64F2FFE48B6}.Debug|Any CPU.ActiveCfg = Debug|Any CPU
		{3E96B42A-8678-4B4E-BC43-F64F2FFE48B6}.Debug|Any CPU.Build.0 = Debug|Any CPU
		{3E96B42A-8678-4B4E-BC43-F64F2FFE48B6}.Release|Any CPU.ActiveCfg = Release|Any CPU
		{3E96B42A-8678-4B4E-BC43-F64F2FFE48B6}.Release|Any CPU.Build.0 = Release|Any CPU
		{3CB15450-54E5-4CBE-B252-68B15E9A45F3}.Debug|Any CPU.ActiveCfg = Debug|Any CPU
		{3CB15450-54E5-4CBE-B252-68B15E9A45F3}.Debug|Any CPU.Build.0 = Debug|Any CPU
		{3CB15450-54E5-4CBE-B252-68B15E9A45F3}.Release|Any CPU.ActiveCfg = Release|Any CPU
		{3CB15450-54E5-4CBE-B252-68B15E9A45F3}.Release|Any CPU.Build.0 = Release|Any CPU
		{717E0E35-9A63-4A2B-B9AE-6C6139CC6861}.Debug|Any CPU.ActiveCfg = Debug|Any CPU
		{717E0E35-9A63-4A2B-B9AE-6C6139CC6861}.Debug|Any CPU.Build.0 = Debug|Any CPU
		{717E0E35-9A63-4A2B-B9AE-6C6139CC6861}.Release|Any CPU.ActiveCfg = Release|Any CPU
		{717E0E35-9A63-4A2B-B9AE-6C6139CC6861}.Release|Any CPU.Build.0 = Release|Any CPU
		{02C0718F-E261-41BE-BB30-5978AE2E1CC7}.Debug|Any CPU.ActiveCfg = Debug|Any CPU
		{02C0718F-E261-41BE-BB30-5978AE2E1CC7}.Debug|Any CPU.Build.0 = Debug|Any CPU
		{02C0718F-E261-41BE-BB30-5978AE2E1CC7}.Release|Any CPU.ActiveCfg = Release|Any CPU
		{02C0718F-E261-41BE-BB30-5978AE2E1CC7}.Release|Any CPU.Build.0 = Release|Any CPU
		{2C4128C4-CD09-4CB6-A97B-E8F36E92AA6E}.Debug|Any CPU.ActiveCfg = Debug|Any CPU
		{2C4128C4-CD09-4CB6-A97B-E8F36E92AA6E}.Debug|Any CPU.Build.0 = Debug|Any CPU
		{2C4128C4-CD09-4CB6-A97B-E8F36E92AA6E}.Release|Any CPU.ActiveCfg = Release|Any CPU
		{2C4128C4-CD09-4CB6-A97B-E8F36E92AA6E}.Release|Any CPU.Build.0 = Release|Any CPU
		{C20C2476-6811-4557-8DA1-389BCB5A4399}.Debug|Any CPU.ActiveCfg = Debug|Any CPU
		{C20C2476-6811-4557-8DA1-389BCB5A4399}.Debug|Any CPU.Build.0 = Debug|Any CPU
		{C20C2476-6811-4557-8DA1-389BCB5A4399}.Release|Any CPU.ActiveCfg = Release|Any CPU
		{C20C2476-6811-4557-8DA1-389BCB5A4399}.Release|Any CPU.Build.0 = Release|Any CPU
		{5D56EAF4-F219-44CA-B6BD-55A31959CAE6}.Debug|Any CPU.ActiveCfg = Debug|Any CPU
		{5D56EAF4-F219-44CA-B6BD-55A31959CAE6}.Debug|Any CPU.Build.0 = Debug|Any CPU
		{5D56EAF4-F219-44CA-B6BD-55A31959CAE6}.Release|Any CPU.ActiveCfg = Release|Any CPU
		{5D56EAF4-F219-44CA-B6BD-55A31959CAE6}.Release|Any CPU.Build.0 = Release|Any CPU
		{308E1A58-89D2-4943-84AF-3AC97568D9EE}.Debug|Any CPU.ActiveCfg = Debug|Any CPU
		{308E1A58-89D2-4943-84AF-3AC97568D9EE}.Debug|Any CPU.Build.0 = Debug|Any CPU
		{308E1A58-89D2-4943-84AF-3AC97568D9EE}.Release|Any CPU.ActiveCfg = Release|Any CPU
		{308E1A58-89D2-4943-84AF-3AC97568D9EE}.Release|Any CPU.Build.0 = Release|Any CPU
		{FD20227D-E09E-4AF0-B055-F959C09455CE}.Debug|Any CPU.ActiveCfg = Debug|Any CPU
		{FD20227D-E09E-4AF0-B055-F959C09455CE}.Debug|Any CPU.Build.0 = Debug|Any CPU
		{FD20227D-E09E-4AF0-B055-F959C09455CE}.Release|Any CPU.ActiveCfg = Release|Any CPU
		{FD20227D-E09E-4AF0-B055-F959C09455CE}.Release|Any CPU.Build.0 = Release|Any CPU
		{ED2EA082-7271-4615-8B1F-B9C5BDA695B4}.Debug|Any CPU.ActiveCfg = Debug|Any CPU
		{ED2EA082-7271-4615-8B1F-B9C5BDA695B4}.Debug|Any CPU.Build.0 = Debug|Any CPU
		{ED2EA082-7271-4615-8B1F-B9C5BDA695B4}.Release|Any CPU.ActiveCfg = Release|Any CPU
		{ED2EA082-7271-4615-8B1F-B9C5BDA695B4}.Release|Any CPU.Build.0 = Release|Any CPU
		{C19B42A6-0CDA-439C-B3E9-6E11FB057733}.Debug|Any CPU.ActiveCfg = Debug|Any CPU
		{C19B42A6-0CDA-439C-B3E9-6E11FB057733}.Debug|Any CPU.Build.0 = Debug|Any CPU
		{C19B42A6-0CDA-439C-B3E9-6E11FB057733}.Release|Any CPU.ActiveCfg = Release|Any CPU
		{C19B42A6-0CDA-439C-B3E9-6E11FB057733}.Release|Any CPU.Build.0 = Release|Any CPU
		{BA2A4CF7-BE10-4CBC-899C-0976D9DBCC74}.Debug|Any CPU.ActiveCfg = Debug|Any CPU
		{BA2A4CF7-BE10-4CBC-899C-0976D9DBCC74}.Debug|Any CPU.Build.0 = Debug|Any CPU
		{BA2A4CF7-BE10-4CBC-899C-0976D9DBCC74}.Release|Any CPU.ActiveCfg = Release|Any CPU
		{BA2A4CF7-BE10-4CBC-899C-0976D9DBCC74}.Release|Any CPU.Build.0 = Release|Any CPU
		{592E0D6E-453B-4C70-9F29-98E684F2A79E}.Debug|Any CPU.ActiveCfg = Debug|Any CPU
		{592E0D6E-453B-4C70-9F29-98E684F2A79E}.Debug|Any CPU.Build.0 = Debug|Any CPU
		{592E0D6E-453B-4C70-9F29-98E684F2A79E}.Release|Any CPU.ActiveCfg = Release|Any CPU
		{592E0D6E-453B-4C70-9F29-98E684F2A79E}.Release|Any CPU.Build.0 = Release|Any CPU
		{1CB5FB98-FA6A-49D5-B3F5-3B878B437782}.Debug|Any CPU.ActiveCfg = Debug|Any CPU
		{1CB5FB98-FA6A-49D5-B3F5-3B878B437782}.Debug|Any CPU.Build.0 = Debug|Any CPU
		{1CB5FB98-FA6A-49D5-B3F5-3B878B437782}.Release|Any CPU.ActiveCfg = Release|Any CPU
		{1CB5FB98-FA6A-49D5-B3F5-3B878B437782}.Release|Any CPU.Build.0 = Release|Any CPU
		{47D58C3C-63E6-48A5-B6C9-BE70A48FCA2C}.Debug|Any CPU.ActiveCfg = Debug|Any CPU
		{47D58C3C-63E6-48A5-B6C9-BE70A48FCA2C}.Debug|Any CPU.Build.0 = Debug|Any CPU
		{47D58C3C-63E6-48A5-B6C9-BE70A48FCA2C}.Release|Any CPU.ActiveCfg = Release|Any CPU
		{47D58C3C-63E6-48A5-B6C9-BE70A48FCA2C}.Release|Any CPU.Build.0 = Release|Any CPU
		{E0762BF1-F906-49AB-B4C1-6880425F3345}.Debug|Any CPU.ActiveCfg = Debug|Any CPU
		{E0762BF1-F906-49AB-B4C1-6880425F3345}.Debug|Any CPU.Build.0 = Debug|Any CPU
		{E0762BF1-F906-49AB-B4C1-6880425F3345}.Release|Any CPU.ActiveCfg = Release|Any CPU
		{E0762BF1-F906-49AB-B4C1-6880425F3345}.Release|Any CPU.Build.0 = Release|Any CPU
		{E76990BB-74FE-4FAF-9FEA-8BE7419F9324}.Debug|Any CPU.ActiveCfg = Debug|Any CPU
		{E76990BB-74FE-4FAF-9FEA-8BE7419F9324}.Debug|Any CPU.Build.0 = Debug|Any CPU
		{E76990BB-74FE-4FAF-9FEA-8BE7419F9324}.Release|Any CPU.ActiveCfg = Release|Any CPU
		{E76990BB-74FE-4FAF-9FEA-8BE7419F9324}.Release|Any CPU.Build.0 = Release|Any CPU
	EndGlobalSection
	GlobalSection(SolutionProperties) = preSolution
		HideSolutionNode = FALSE
	EndGlobalSection
	GlobalSection(NestedProjects) = preSolution
		{9B9279AA-5B62-4834-9949-F2CCE7318610} = {1B348652-5D15-4CC9-8B03-7941466FB562}
		{02C0718F-E261-41BE-BB30-5978AE2E1CC7} = {1B348652-5D15-4CC9-8B03-7941466FB562}
		{619AD956-B7BC-492D-9722-25DA4891E144} = {1B348652-5D15-4CC9-8B03-7941466FB562}
		{ED2EA082-7271-4615-8B1F-B9C5BDA695B4} = {FC39F3A2-599C-4FA8-B836-A59797C8FF7E}
		{BA2A4CF7-BE10-4CBC-899C-0976D9DBCC74} = {FC39F3A2-599C-4FA8-B836-A59797C8FF7E}
		{1CB5FB98-FA6A-49D5-B3F5-3B878B437782} = {FC39F3A2-599C-4FA8-B836-A59797C8FF7E}
		{47D58C3C-63E6-48A5-B6C9-BE70A48FCA2C} = {FC39F3A2-599C-4FA8-B836-A59797C8FF7E}
		{E0762BF1-F906-49AB-B4C1-6880425F3345} = {FC39F3A2-599C-4FA8-B836-A59797C8FF7E}
		{FF650A14-16B7-4CB3-BBC0-592FAE591D3D} = {FC39F3A2-599C-4FA8-B836-A59797C8FF7E}
		{E76990BB-74FE-4FAF-9FEA-8BE7419F9324} = {FC39F3A2-599C-4FA8-B836-A59797C8FF7E}
		{3CB15450-54E5-4CBE-B252-68B15E9A45F3} = {812FFB17-627C-4D83-A577-64713B2C99BB}
		{717E0E35-9A63-4A2B-B9AE-6C6139CC6861} = {812FFB17-627C-4D83-A577-64713B2C99BB}
		{C20C2476-6811-4557-8DA1-389BCB5A4399} = {812FFB17-627C-4D83-A577-64713B2C99BB}
		{FD20227D-E09E-4AF0-B055-F959C09455CE} = {812FFB17-627C-4D83-A577-64713B2C99BB}
		{592E0D6E-453B-4C70-9F29-98E684F2A79E} = {812FFB17-627C-4D83-A577-64713B2C99BB}
		{3E96B42A-8678-4B4E-BC43-F64F2FFE48B6} = {812FFB17-627C-4D83-A577-64713B2C99BB}
		{2C4128C4-CD09-4CB6-A97B-E8F36E92AA6E} = {F8B45652-B702-4D49-A05A-26633A4F3A3B}
		{5D56EAF4-F219-44CA-B6BD-55A31959CAE6} = {F8B45652-B702-4D49-A05A-26633A4F3A3B}
		{308E1A58-89D2-4943-84AF-3AC97568D9EE} = {F8B45652-B702-4D49-A05A-26633A4F3A3B}
		{C19B42A6-0CDA-439C-B3E9-6E11FB057733} = {F8B45652-B702-4D49-A05A-26633A4F3A3B}
	EndGlobalSection
EndGlobal
