
Microsoft Visual Studio Solution File, Format Version 10.00
# Visual Studio 2008
Project("{2150E333-8FDC-42A3-9474-1A3956D46DE8}") = "Samples", "Samples", "{95F701FD-2093-4520-AB90-D314864AE21F}"
EndProject
Project("{2150E333-8FDC-42A3-9474-1A3956D46DE8}") = "Solution Items", "Solution Items", "{65736DF0-90F5-4DA5-831F-384E81F52639}"
	ProjectSection(SolutionItems) = preProject
		localtestrun.testrunconfig = localtestrun.testrunconfig
		NetMX.vsmdi = NetMX.vsmdi
		NetMX1.vsmdi = NetMX1.vsmdi
		NetMX2.vsmdi = NetMX2.vsmdi
		NetMX3.vsmdi = NetMX3.vsmdi
		NetMX4.vsmdi = NetMX4.vsmdi
		NetMX5.vsmdi = NetMX5.vsmdi
		NetMX6.vsmdi = NetMX6.vsmdi
		NetMX7.vsmdi = NetMX7.vsmdi
		SolutionInfo.cs = SolutionInfo.cs
	EndProjectSection
EndProject
Project("{FAE04EC0-301F-11D3-BF4B-00C04F79EFBC}") = "NetMX", "NetMX\NetMX.csproj", "{619AD956-B7BC-492D-9722-25DA4891E144}"
EndProject
Project("{FAE04EC0-301F-11D3-BF4B-00C04F79EFBC}") = "NetMX.Server", "NetMX.Default\NetMX.Server.csproj", "{9B9279AA-5B62-4834-9949-F2CCE7318610}"
EndProject
Project("{FAE04EC0-301F-11D3-BF4B-00C04F79EFBC}") = "NetMX.Remote.Remoting", "NetMX.Remote.Remoting\NetMX.Remote.Remoting.csproj", "{FF650A14-16B7-4CB3-BBC0-592FAE591D3D}"
EndProject
Project("{FAE04EC0-301F-11D3-BF4B-00C04F79EFBC}") = "SimpleConsoleDemo", "Samples\SimpleConsoleDemo\SimpleConsoleDemo.csproj", "{3E96B42A-8678-4B4E-BC43-F64F2FFE48B6}"
EndProject
Project("{FAE04EC0-301F-11D3-BF4B-00C04F79EFBC}") = "RemotingDemo", "Samples\RemotingDemo\RemotingDemo.csproj", "{3CB15450-54E5-4CBE-B252-68B15E9A45F3}"
EndProject
Project("{FAE04EC0-301F-11D3-BF4B-00C04F79EFBC}") = "RemotingServerDemo", "Samples\RemotingServerDemo\RemotingServerDemo.csproj", "{717E0E35-9A63-4A2B-B9AE-6C6139CC6861}"
EndProject
Project("{FAE04EC0-301F-11D3-BF4B-00C04F79EFBC}") = "NetMX.Tests", "NetMX.Tests\NetMX.Tests.csproj", "{02C0718F-E261-41BE-BB30-5978AE2E1CC7}"
EndProject
Project("{FAE04EC0-301F-11D3-BF4B-00C04F79EFBC}") = "NetMX.WebUI", "NetMX.WebUI\NetMX.WebUI.csproj", "{7ABCFCE5-8A64-4D8F-AC60-731637E54F3B}"
EndProject
Project("{FAE04EC0-301F-11D3-BF4B-00C04F79EFBC}") = "NetMX.Proxy.Castle", "NetMX.Proxy.Castle\NetMX.Proxy.Castle.csproj", "{2C4128C4-CD09-4CB6-A97B-E8F36E92AA6E}"
EndProject
Project("{FAE04EC0-301F-11D3-BF4B-00C04F79EFBC}") = "CLRMonitoringDemo", "Samples\CLRMonitoringSample\CLRMonitoringDemo.csproj", "{C20C2476-6811-4557-8DA1-389BCB5A4399}"
EndProject
Project("{FAE04EC0-301F-11D3-BF4B-00C04F79EFBC}") = "NetMX.Timer", "NetMX.Timer\NetMX.Timer.csproj", "{5D56EAF4-F219-44CA-B6BD-55A31959CAE6}"
EndProject
Project("{FAE04EC0-301F-11D3-BF4B-00C04F79EFBC}") = "NetMX.Monitor", "NetMX.Monitor\NetMX.Monitor.csproj", "{308E1A58-89D2-4943-84AF-3AC97568D9EE}"
EndProject
Project("{FAE04EC0-301F-11D3-BF4B-00C04F79EFBC}") = "TimersConsoleDemo", "Samples\TimersConsoleDemo\TimersConsoleDemo.csproj", "{FD20227D-E09E-4AF0-B055-F959C09455CE}"
EndProject
Project("{FAE04EC0-301F-11D3-BF4B-00C04F79EFBC}") = "NetMX.Remote.WCF", "NetMX.Remote.ServiceModel\NetMX.Remote.WCF.csproj", "{ED2EA082-7271-4615-8B1F-B9C5BDA695B4}"
EndProject
Project("{FAE04EC0-301F-11D3-BF4B-00C04F79EFBC}") = "NetMX.Spring.BeanExporter", "NetMX.Spring.BeanExporter\NetMX.Spring.BeanExporter.csproj", "{C19B42A6-0CDA-439C-B3E9-6E11FB057733}"
EndProject
Project("{2150E333-8FDC-42A3-9474-1A3956D46DE8}") = "Libs", "Libs", "{996F2F65-9530-4421-8D3B-6F04D939852A}"
	ProjectSection(SolutionItems) = preProject
		Libs\antlr.runtime.dll = Libs\antlr.runtime.dll
		Libs\Common.Logging.dll = Libs\Common.Logging.dll
		Libs\Spring.Core.dll = Libs\Spring.Core.dll
		Libs\Spring.Core.pdb = Libs\Spring.Core.pdb
		Libs\Spring.Services.dll = Libs\Spring.Services.dll
		Libs\Spring.Services.pdb = Libs\Spring.Services.pdb
		Libs\WSMan.NET.dll = Libs\WSMan.NET.dll
		Libs\WSMan.NET.pdb = Libs\WSMan.NET.pdb
	EndProjectSection
EndProject
Project("{FAE04EC0-301F-11D3-BF4B-00C04F79EFBC}") = "WcfSpringConsoleDemo", "Samples\SpringWcfConsoleManagementServer\WcfSpringConsoleDemo.csproj", "{06975F6E-744C-4622-8B67-F6B520461308}"
EndProject
Project("{FAE04EC0-301F-11D3-BF4B-00C04F79EFBC}") = "NetMX.Remote.Jsr262", "NetMX.Remote.Jsr262\NetMX.Remote.Jsr262.csproj", "{BA2A4CF7-BE10-4CBC-899C-0976D9DBCC74}"
EndProject
Project("{2150E333-8FDC-42A3-9474-1A3956D46DE8}") = "Connectors", "Connectors", "{A0329667-EB28-48C0-A4CF-FA1CF01C5FEA}"
EndProject
Project("{FAE04EC0-301F-11D3-BF4B-00C04F79EFBC}") = "WebClientDemo", "Samples\WebClientDemo\WebClientDemo.csproj", "{04A97CF5-52F9-45C1-B114-CA21AF6A7F28}"
EndProject
Project("{FAE04EC0-301F-11D3-BF4B-00C04F79EFBC}") = "Jsr262Demo", "Samples\Jsr262Demo\Jsr262Demo.csproj", "{592E0D6E-453B-4C70-9F29-98E684F2A79E}"
EndProject
Project("{FAE04EC0-301F-11D3-BF4B-00C04F79EFBC}") = "JmxClientDemo", "Samples\JmxClientDemo\JmxClientDemo.csproj", "{4B3B3AC2-5797-4FB7-BCED-18BF461EBDC4}"
EndProject
Global
	GlobalSection(TeamFoundationVersionControl) = preSolution
		SccNumberOfProjects = 21
		SccEnterpriseProvider = {4CA58AB2-18FA-4F8D-95D4-32DDF27D184C}
		SccTeamFoundationServer = https://tfs04.codeplex.com/
		SccLocalPath0 = .
		SccProjectUniqueName1 = NetMX.Remote.Remoting\\NetMX.Remote.Remoting.csproj
		SccProjectTopLevelParentUniqueName1 = NetMX.sln
		SccProjectName1 = NetMX.Remote.Remoting
		SccLocalPath1 = NetMX.Remote.Remoting
		SccProjectUniqueName2 = NetMX.Tests\\NetMX.Tests.csproj
		SccProjectName2 = NetMX.Tests
		SccLocalPath2 = NetMX.Tests
		SccProjectUniqueName3 = NetMX\\NetMX.csproj
		SccProjectName3 = NetMX
		SccLocalPath3 = NetMX
		SccProjectUniqueName4 = Samples\\RemotingDemo\\RemotingDemo.csproj
		SccProjectTopLevelParentUniqueName4 = NetMX.sln
		SccProjectName4 = Samples/RemotingDemo
		SccLocalPath4 = Samples\\RemotingDemo
		SccProjectUniqueName5 = Samples\\RemotingServerDemo\\RemotingServerDemo.csproj
		SccProjectTopLevelParentUniqueName5 = NetMX.sln
		SccProjectName5 = Samples/RemotingServerDemo
		SccLocalPath5 = Samples\\RemotingServerDemo
		SccProjectUniqueName6 = Samples\\SimpleConsoleDemo\\SimpleConsoleDemo.csproj
		SccProjectTopLevelParentUniqueName6 = NetMX.sln
		SccProjectName6 = Samples/SimpleConsoleDemo
		SccLocalPath6 = Samples\\SimpleConsoleDemo
		SccProjectUniqueName7 = NetMX.WebUI\\NetMX.WebUI.csproj
		SccProjectName7 = NetMX.WebUI
		SccLocalPath7 = NetMX.WebUI
		SccProjectUniqueName8 = NetMX.Proxy.Castle\\NetMX.Proxy.Castle.csproj
		SccProjectName8 = NetMX.Proxy.Castle
		SccLocalPath8 = NetMX.Proxy.Castle
		SccProjectUniqueName9 = NetMX.Timer\\NetMX.Timer.csproj
		SccProjectName9 = NetMX.Timer
		SccLocalPath9 = NetMX.Timer
		SccProjectUniqueName10 = NetMX.Monitor\\NetMX.Monitor.csproj
		SccProjectName10 = NetMX.Monitor
		SccLocalPath10 = NetMX.Monitor
		SccProjectUniqueName11 = Samples\\TimersConsoleDemo\\TimersConsoleDemo.csproj
		SccProjectTopLevelParentUniqueName11 = NetMX.sln
		SccProjectName11 = Samples/TimersConsoleDemo
		SccLocalPath11 = Samples\\TimersConsoleDemo
		SccProjectUniqueName12 = NetMX.Spring.BeanExporter\\NetMX.Spring.BeanExporter.csproj
		SccProjectName12 = NetMX.Spring.BeanExporter
		SccLocalPath12 = NetMX.Spring.BeanExporter
		SccProjectUniqueName13 = NetMX.Remote.Jsr262\\NetMX.Remote.Jsr262.csproj
		SccProjectTopLevelParentUniqueName13 = NetMX.sln
		SccProjectName13 = NetMX.Remote.Jsr262
		SccLocalPath13 = NetMX.Remote.Jsr262
		SccProjectUniqueName14 = Samples\\SpringWcfConsoleManagementServer\\WcfSpringConsoleDemo.csproj
		SccProjectTopLevelParentUniqueName14 = NetMX.sln
		SccProjectName14 = Samples/SpringWcfConsoleManagementServer
		SccLocalPath14 = Samples\\SpringWcfConsoleManagementServer
		SccProjectUniqueName15 = Samples\\CLRMonitoringSample\\CLRMonitoringDemo.csproj
		SccProjectTopLevelParentUniqueName15 = NetMX.sln
		SccProjectName15 = Samples/CLRMonitoringSample
		SccLocalPath15 = Samples\\CLRMonitoringSample
		SccProjectUniqueName16 = NetMX.Default\\NetMX.Server.csproj
		SccProjectName16 = NetMX.Default
		SccLocalPath16 = NetMX.Default
		SccProjectUniqueName17 = Samples\\WebClientDemo\\WebClientDemo.csproj
		SccProjectTopLevelParentUniqueName17 = NetMX.sln
		SccProjectName17 = Samples/WebClientDemo
		SccLocalPath17 = Samples\\WebClientDemo
		SccProjectUniqueName18 = Samples\\Jsr262Demo\\Jsr262Demo.csproj
		SccProjectTopLevelParentUniqueName18 = NetMX.sln
		SccProjectName18 = Samples/Jsr262Demo
		SccLocalPath18 = Samples\\Jsr262Demo
		SccProjectUniqueName19 = Samples\\JmxClientDemo\\JmxClientDemo.csproj
		SccProjectTopLevelParentUniqueName19 = NetMX.sln
		SccProjectName19 = Samples/JmxClientDemo
		SccLocalPath19 = Samples\\JmxClientDemo
		SccProjectUniqueName20 = NetMX.Remote.ServiceModel\\NetMX.Remote.WCF.csproj
		SccProjectTopLevelParentUniqueName20 = NetMX.sln
		SccProjectName20 = NetMX.Remote.ServiceModel
		SccLocalPath20 = NetMX.Remote.ServiceModel
	EndGlobalSection
	GlobalSection(TestCaseManagementSettings) = postSolution
		CategoryFile = NetMX7.vsmdi
	EndGlobalSection
	GlobalSection(SolutionConfigurationPlatforms) = preSolution
		Debug|.NET = Debug|.NET
		Debug|Any CPU = Debug|Any CPU
		Debug|Mixed Platforms = Debug|Mixed Platforms
		Release|.NET = Release|.NET
		Release|Any CPU = Release|Any CPU
		Release|Mixed Platforms = Release|Mixed Platforms
	EndGlobalSection
	GlobalSection(ProjectConfigurationPlatforms) = postSolution
		{619AD956-B7BC-492D-9722-25DA4891E144}.Debug|.NET.ActiveCfg = Debug|Any CPU
		{619AD956-B7BC-492D-9722-25DA4891E144}.Debug|Any CPU.ActiveCfg = Debug|Any CPU
		{619AD956-B7BC-492D-9722-25DA4891E144}.Debug|Any CPU.Build.0 = Debug|Any CPU
		{619AD956-B7BC-492D-9722-25DA4891E144}.Debug|Mixed Platforms.ActiveCfg = Debug|Any CPU
		{619AD956-B7BC-492D-9722-25DA4891E144}.Debug|Mixed Platforms.Build.0 = Debug|Any CPU
		{619AD956-B7BC-492D-9722-25DA4891E144}.Release|.NET.ActiveCfg = Release|Any CPU
		{619AD956-B7BC-492D-9722-25DA4891E144}.Release|Any CPU.ActiveCfg = Release|Any CPU
		{619AD956-B7BC-492D-9722-25DA4891E144}.Release|Any CPU.Build.0 = Release|Any CPU
		{619AD956-B7BC-492D-9722-25DA4891E144}.Release|Mixed Platforms.ActiveCfg = Release|Any CPU
		{619AD956-B7BC-492D-9722-25DA4891E144}.Release|Mixed Platforms.Build.0 = Release|Any CPU
		{9B9279AA-5B62-4834-9949-F2CCE7318610}.Debug|.NET.ActiveCfg = Debug|Any CPU
		{9B9279AA-5B62-4834-9949-F2CCE7318610}.Debug|Any CPU.ActiveCfg = Debug|Any CPU
		{9B9279AA-5B62-4834-9949-F2CCE7318610}.Debug|Any CPU.Build.0 = Debug|Any CPU
		{9B9279AA-5B62-4834-9949-F2CCE7318610}.Debug|Mixed Platforms.ActiveCfg = Debug|Any CPU
		{9B9279AA-5B62-4834-9949-F2CCE7318610}.Debug|Mixed Platforms.Build.0 = Debug|Any CPU
		{9B9279AA-5B62-4834-9949-F2CCE7318610}.Release|.NET.ActiveCfg = Release|Any CPU
		{9B9279AA-5B62-4834-9949-F2CCE7318610}.Release|Any CPU.ActiveCfg = Release|Any CPU
		{9B9279AA-5B62-4834-9949-F2CCE7318610}.Release|Any CPU.Build.0 = Release|Any CPU
		{9B9279AA-5B62-4834-9949-F2CCE7318610}.Release|Mixed Platforms.ActiveCfg = Release|Any CPU
		{9B9279AA-5B62-4834-9949-F2CCE7318610}.Release|Mixed Platforms.Build.0 = Release|Any CPU
		{FF650A14-16B7-4CB3-BBC0-592FAE591D3D}.Debug|.NET.ActiveCfg = Debug|Any CPU
		{FF650A14-16B7-4CB3-BBC0-592FAE591D3D}.Debug|Any CPU.ActiveCfg = Debug|Any CPU
		{FF650A14-16B7-4CB3-BBC0-592FAE591D3D}.Debug|Any CPU.Build.0 = Debug|Any CPU
		{FF650A14-16B7-4CB3-BBC0-592FAE591D3D}.Debug|Mixed Platforms.ActiveCfg = Debug|Any CPU
		{FF650A14-16B7-4CB3-BBC0-592FAE591D3D}.Debug|Mixed Platforms.Build.0 = Debug|Any CPU
		{FF650A14-16B7-4CB3-BBC0-592FAE591D3D}.Release|.NET.ActiveCfg = Release|Any CPU
		{FF650A14-16B7-4CB3-BBC0-592FAE591D3D}.Release|Any CPU.ActiveCfg = Release|Any CPU
		{FF650A14-16B7-4CB3-BBC0-592FAE591D3D}.Release|Any CPU.Build.0 = Release|Any CPU
		{FF650A14-16B7-4CB3-BBC0-592FAE591D3D}.Release|Mixed Platforms.ActiveCfg = Release|Any CPU
		{FF650A14-16B7-4CB3-BBC0-592FAE591D3D}.Release|Mixed Platforms.Build.0 = Release|Any CPU
		{3E96B42A-8678-4B4E-BC43-F64F2FFE48B6}.Debug|.NET.ActiveCfg = Debug|Any CPU
		{3E96B42A-8678-4B4E-BC43-F64F2FFE48B6}.Debug|Any CPU.ActiveCfg = Debug|Any CPU
		{3E96B42A-8678-4B4E-BC43-F64F2FFE48B6}.Debug|Any CPU.Build.0 = Debug|Any CPU
		{3E96B42A-8678-4B4E-BC43-F64F2FFE48B6}.Debug|Mixed Platforms.ActiveCfg = Debug|Any CPU
		{3E96B42A-8678-4B4E-BC43-F64F2FFE48B6}.Debug|Mixed Platforms.Build.0 = Debug|Any CPU
		{3E96B42A-8678-4B4E-BC43-F64F2FFE48B6}.Release|.NET.ActiveCfg = Release|Any CPU
		{3E96B42A-8678-4B4E-BC43-F64F2FFE48B6}.Release|Any CPU.ActiveCfg = Release|Any CPU
		{3E96B42A-8678-4B4E-BC43-F64F2FFE48B6}.Release|Any CPU.Build.0 = Release|Any CPU
		{3E96B42A-8678-4B4E-BC43-F64F2FFE48B6}.Release|Mixed Platforms.ActiveCfg = Release|Any CPU
		{3E96B42A-8678-4B4E-BC43-F64F2FFE48B6}.Release|Mixed Platforms.Build.0 = Release|Any CPU
		{3CB15450-54E5-4CBE-B252-68B15E9A45F3}.Debug|.NET.ActiveCfg = Debug|Any CPU
		{3CB15450-54E5-4CBE-B252-68B15E9A45F3}.Debug|Any CPU.ActiveCfg = Debug|Any CPU
		{3CB15450-54E5-4CBE-B252-68B15E9A45F3}.Debug|Any CPU.Build.0 = Debug|Any CPU
		{3CB15450-54E5-4CBE-B252-68B15E9A45F3}.Debug|Mixed Platforms.ActiveCfg = Debug|Any CPU
		{3CB15450-54E5-4CBE-B252-68B15E9A45F3}.Debug|Mixed Platforms.Build.0 = Debug|Any CPU
		{3CB15450-54E5-4CBE-B252-68B15E9A45F3}.Release|.NET.ActiveCfg = Release|Any CPU
		{3CB15450-54E5-4CBE-B252-68B15E9A45F3}.Release|Any CPU.ActiveCfg = Release|Any CPU
		{3CB15450-54E5-4CBE-B252-68B15E9A45F3}.Release|Any CPU.Build.0 = Release|Any CPU
		{3CB15450-54E5-4CBE-B252-68B15E9A45F3}.Release|Mixed Platforms.ActiveCfg = Release|Any CPU
		{3CB15450-54E5-4CBE-B252-68B15E9A45F3}.Release|Mixed Platforms.Build.0 = Release|Any CPU
		{717E0E35-9A63-4A2B-B9AE-6C6139CC6861}.Debug|.NET.ActiveCfg = Debug|Any CPU
		{717E0E35-9A63-4A2B-B9AE-6C6139CC6861}.Debug|Any CPU.ActiveCfg = Debug|Any CPU
		{717E0E35-9A63-4A2B-B9AE-6C6139CC6861}.Debug|Any CPU.Build.0 = Debug|Any CPU
		{717E0E35-9A63-4A2B-B9AE-6C6139CC6861}.Debug|Mixed Platforms.ActiveCfg = Debug|Any CPU
		{717E0E35-9A63-4A2B-B9AE-6C6139CC6861}.Debug|Mixed Platforms.Build.0 = Debug|Any CPU
		{717E0E35-9A63-4A2B-B9AE-6C6139CC6861}.Release|.NET.ActiveCfg = Release|Any CPU
		{717E0E35-9A63-4A2B-B9AE-6C6139CC6861}.Release|Any CPU.ActiveCfg = Release|Any CPU
		{717E0E35-9A63-4A2B-B9AE-6C6139CC6861}.Release|Any CPU.Build.0 = Release|Any CPU
		{717E0E35-9A63-4A2B-B9AE-6C6139CC6861}.Release|Mixed Platforms.ActiveCfg = Release|Any CPU
		{717E0E35-9A63-4A2B-B9AE-6C6139CC6861}.Release|Mixed Platforms.Build.0 = Release|Any CPU
		{02C0718F-E261-41BE-BB30-5978AE2E1CC7}.Debug|.NET.ActiveCfg = Debug|Any CPU
		{02C0718F-E261-41BE-BB30-5978AE2E1CC7}.Debug|Any CPU.ActiveCfg = Debug|Any CPU
		{02C0718F-E261-41BE-BB30-5978AE2E1CC7}.Debug|Mixed Platforms.ActiveCfg = Debug|Any CPU
		{02C0718F-E261-41BE-BB30-5978AE2E1CC7}.Debug|Mixed Platforms.Build.0 = Debug|Any CPU
		{02C0718F-E261-41BE-BB30-5978AE2E1CC7}.Release|.NET.ActiveCfg = Release|Any CPU
		{02C0718F-E261-41BE-BB30-5978AE2E1CC7}.Release|Any CPU.ActiveCfg = Release|Any CPU
		{02C0718F-E261-41BE-BB30-5978AE2E1CC7}.Release|Mixed Platforms.ActiveCfg = Release|Any CPU
		{02C0718F-E261-41BE-BB30-5978AE2E1CC7}.Release|Mixed Platforms.Build.0 = Release|Any CPU
		{7ABCFCE5-8A64-4D8F-AC60-731637E54F3B}.Debug|.NET.ActiveCfg = Debug|Any CPU
		{7ABCFCE5-8A64-4D8F-AC60-731637E54F3B}.Debug|Any CPU.ActiveCfg = Debug|Any CPU
		{7ABCFCE5-8A64-4D8F-AC60-731637E54F3B}.Debug|Any CPU.Build.0 = Debug|Any CPU
		{7ABCFCE5-8A64-4D8F-AC60-731637E54F3B}.Debug|Mixed Platforms.ActiveCfg = Debug|Any CPU
		{7ABCFCE5-8A64-4D8F-AC60-731637E54F3B}.Debug|Mixed Platforms.Build.0 = Debug|Any CPU
		{7ABCFCE5-8A64-4D8F-AC60-731637E54F3B}.Release|.NET.ActiveCfg = Release|Any CPU
		{7ABCFCE5-8A64-4D8F-AC60-731637E54F3B}.Release|Any CPU.ActiveCfg = Release|Any CPU
		{7ABCFCE5-8A64-4D8F-AC60-731637E54F3B}.Release|Any CPU.Build.0 = Release|Any CPU
		{7ABCFCE5-8A64-4D8F-AC60-731637E54F3B}.Release|Mixed Platforms.ActiveCfg = Release|Any CPU
		{7ABCFCE5-8A64-4D8F-AC60-731637E54F3B}.Release|Mixed Platforms.Build.0 = Release|Any CPU
		{2C4128C4-CD09-4CB6-A97B-E8F36E92AA6E}.Debug|.NET.ActiveCfg = Debug|Any CPU
		{2C4128C4-CD09-4CB6-A97B-E8F36E92AA6E}.Debug|Any CPU.ActiveCfg = Debug|Any CPU
		{2C4128C4-CD09-4CB6-A97B-E8F36E92AA6E}.Debug|Any CPU.Build.0 = Debug|Any CPU
		{2C4128C4-CD09-4CB6-A97B-E8F36E92AA6E}.Debug|Mixed Platforms.ActiveCfg = Debug|Any CPU
		{2C4128C4-CD09-4CB6-A97B-E8F36E92AA6E}.Debug|Mixed Platforms.Build.0 = Debug|Any CPU
		{2C4128C4-CD09-4CB6-A97B-E8F36E92AA6E}.Release|.NET.ActiveCfg = Release|Any CPU
		{2C4128C4-CD09-4CB6-A97B-E8F36E92AA6E}.Release|Any CPU.ActiveCfg = Release|Any CPU
		{2C4128C4-CD09-4CB6-A97B-E8F36E92AA6E}.Release|Any CPU.Build.0 = Release|Any CPU
		{2C4128C4-CD09-4CB6-A97B-E8F36E92AA6E}.Release|Mixed Platforms.ActiveCfg = Release|Any CPU
		{2C4128C4-CD09-4CB6-A97B-E8F36E92AA6E}.Release|Mixed Platforms.Build.0 = Release|Any CPU
		{C20C2476-6811-4557-8DA1-389BCB5A4399}.Debug|.NET.ActiveCfg = Debug|Any CPU
		{C20C2476-6811-4557-8DA1-389BCB5A4399}.Debug|Any CPU.ActiveCfg = Debug|Any CPU
		{C20C2476-6811-4557-8DA1-389BCB5A4399}.Debug|Any CPU.Build.0 = Debug|Any CPU
		{C20C2476-6811-4557-8DA1-389BCB5A4399}.Debug|Mixed Platforms.ActiveCfg = Debug|Any CPU
		{C20C2476-6811-4557-8DA1-389BCB5A4399}.Debug|Mixed Platforms.Build.0 = Debug|Any CPU
		{C20C2476-6811-4557-8DA1-389BCB5A4399}.Release|.NET.ActiveCfg = Release|Any CPU
		{C20C2476-6811-4557-8DA1-389BCB5A4399}.Release|Any CPU.ActiveCfg = Release|Any CPU
		{C20C2476-6811-4557-8DA1-389BCB5A4399}.Release|Any CPU.Build.0 = Release|Any CPU
		{C20C2476-6811-4557-8DA1-389BCB5A4399}.Release|Mixed Platforms.ActiveCfg = Release|Any CPU
		{C20C2476-6811-4557-8DA1-389BCB5A4399}.Release|Mixed Platforms.Build.0 = Release|Any CPU
		{5D56EAF4-F219-44CA-B6BD-55A31959CAE6}.Debug|.NET.ActiveCfg = Debug|Any CPU
		{5D56EAF4-F219-44CA-B6BD-55A31959CAE6}.Debug|Any CPU.ActiveCfg = Debug|Any CPU
		{5D56EAF4-F219-44CA-B6BD-55A31959CAE6}.Debug|Any CPU.Build.0 = Debug|Any CPU
		{5D56EAF4-F219-44CA-B6BD-55A31959CAE6}.Debug|Mixed Platforms.ActiveCfg = Debug|Any CPU
		{5D56EAF4-F219-44CA-B6BD-55A31959CAE6}.Debug|Mixed Platforms.Build.0 = Debug|Any CPU
		{5D56EAF4-F219-44CA-B6BD-55A31959CAE6}.Release|.NET.ActiveCfg = Release|Any CPU
		{5D56EAF4-F219-44CA-B6BD-55A31959CAE6}.Release|Any CPU.ActiveCfg = Release|Any CPU
		{5D56EAF4-F219-44CA-B6BD-55A31959CAE6}.Release|Any CPU.Build.0 = Release|Any CPU
		{5D56EAF4-F219-44CA-B6BD-55A31959CAE6}.Release|Mixed Platforms.ActiveCfg = Release|Any CPU
		{5D56EAF4-F219-44CA-B6BD-55A31959CAE6}.Release|Mixed Platforms.Build.0 = Release|Any CPU
		{308E1A58-89D2-4943-84AF-3AC97568D9EE}.Debug|.NET.ActiveCfg = Debug|Any CPU
		{308E1A58-89D2-4943-84AF-3AC97568D9EE}.Debug|Any CPU.ActiveCfg = Debug|Any CPU
		{308E1A58-89D2-4943-84AF-3AC97568D9EE}.Debug|Any CPU.Build.0 = Debug|Any CPU
		{308E1A58-89D2-4943-84AF-3AC97568D9EE}.Debug|Mixed Platforms.ActiveCfg = Debug|Any CPU
		{308E1A58-89D2-4943-84AF-3AC97568D9EE}.Debug|Mixed Platforms.Build.0 = Debug|Any CPU
		{308E1A58-89D2-4943-84AF-3AC97568D9EE}.Release|.NET.ActiveCfg = Release|Any CPU
		{308E1A58-89D2-4943-84AF-3AC97568D9EE}.Release|Any CPU.ActiveCfg = Release|Any CPU
		{308E1A58-89D2-4943-84AF-3AC97568D9EE}.Release|Any CPU.Build.0 = Release|Any CPU
		{308E1A58-89D2-4943-84AF-3AC97568D9EE}.Release|Mixed Platforms.ActiveCfg = Release|Any CPU
		{308E1A58-89D2-4943-84AF-3AC97568D9EE}.Release|Mixed Platforms.Build.0 = Release|Any CPU
		{FD20227D-E09E-4AF0-B055-F959C09455CE}.Debug|.NET.ActiveCfg = Debug|Any CPU
		{FD20227D-E09E-4AF0-B055-F959C09455CE}.Debug|Any CPU.ActiveCfg = Debug|Any CPU
		{FD20227D-E09E-4AF0-B055-F959C09455CE}.Debug|Any CPU.Build.0 = Debug|Any CPU
		{FD20227D-E09E-4AF0-B055-F959C09455CE}.Debug|Mixed Platforms.ActiveCfg = Debug|Any CPU
		{FD20227D-E09E-4AF0-B055-F959C09455CE}.Debug|Mixed Platforms.Build.0 = Debug|Any CPU
		{FD20227D-E09E-4AF0-B055-F959C09455CE}.Release|.NET.ActiveCfg = Release|Any CPU
		{FD20227D-E09E-4AF0-B055-F959C09455CE}.Release|Any CPU.ActiveCfg = Release|Any CPU
		{FD20227D-E09E-4AF0-B055-F959C09455CE}.Release|Any CPU.Build.0 = Release|Any CPU
		{FD20227D-E09E-4AF0-B055-F959C09455CE}.Release|Mixed Platforms.ActiveCfg = Release|Any CPU
		{FD20227D-E09E-4AF0-B055-F959C09455CE}.Release|Mixed Platforms.Build.0 = Release|Any CPU
		{ED2EA082-7271-4615-8B1F-B9C5BDA695B4}.Debug|.NET.ActiveCfg = Debug|Any CPU
		{ED2EA082-7271-4615-8B1F-B9C5BDA695B4}.Debug|Any CPU.ActiveCfg = Debug|Any CPU
		{ED2EA082-7271-4615-8B1F-B9C5BDA695B4}.Debug|Any CPU.Build.0 = Debug|Any CPU
		{ED2EA082-7271-4615-8B1F-B9C5BDA695B4}.Debug|Mixed Platforms.ActiveCfg = Debug|Any CPU
		{ED2EA082-7271-4615-8B1F-B9C5BDA695B4}.Debug|Mixed Platforms.Build.0 = Debug|Any CPU
		{ED2EA082-7271-4615-8B1F-B9C5BDA695B4}.Release|.NET.ActiveCfg = Release|Any CPU
		{ED2EA082-7271-4615-8B1F-B9C5BDA695B4}.Release|Any CPU.ActiveCfg = Release|Any CPU
		{ED2EA082-7271-4615-8B1F-B9C5BDA695B4}.Release|Any CPU.Build.0 = Release|Any CPU
		{ED2EA082-7271-4615-8B1F-B9C5BDA695B4}.Release|Mixed Platforms.ActiveCfg = Release|Any CPU
		{ED2EA082-7271-4615-8B1F-B9C5BDA695B4}.Release|Mixed Platforms.Build.0 = Release|Any CPU
		{C19B42A6-0CDA-439C-B3E9-6E11FB057733}.Debug|.NET.ActiveCfg = Debug|Any CPU
		{C19B42A6-0CDA-439C-B3E9-6E11FB057733}.Debug|Any CPU.ActiveCfg = Debug|Any CPU
		{C19B42A6-0CDA-439C-B3E9-6E11FB057733}.Debug|Any CPU.Build.0 = Debug|Any CPU
		{C19B42A6-0CDA-439C-B3E9-6E11FB057733}.Debug|Mixed Platforms.ActiveCfg = Debug|Any CPU
		{C19B42A6-0CDA-439C-B3E9-6E11FB057733}.Debug|Mixed Platforms.Build.0 = Debug|Any CPU
		{C19B42A6-0CDA-439C-B3E9-6E11FB057733}.Release|.NET.ActiveCfg = Release|Any CPU
		{C19B42A6-0CDA-439C-B3E9-6E11FB057733}.Release|Any CPU.ActiveCfg = Release|Any CPU
		{C19B42A6-0CDA-439C-B3E9-6E11FB057733}.Release|Any CPU.Build.0 = Release|Any CPU
		{C19B42A6-0CDA-439C-B3E9-6E11FB057733}.Release|Mixed Platforms.ActiveCfg = Release|Any CPU
		{C19B42A6-0CDA-439C-B3E9-6E11FB057733}.Release|Mixed Platforms.Build.0 = Release|Any CPU
		{06975F6E-744C-4622-8B67-F6B520461308}.Debug|.NET.ActiveCfg = Debug|Any CPU
		{06975F6E-744C-4622-8B67-F6B520461308}.Debug|Any CPU.ActiveCfg = Debug|Any CPU
		{06975F6E-744C-4622-8B67-F6B520461308}.Debug|Any CPU.Build.0 = Debug|Any CPU
		{06975F6E-744C-4622-8B67-F6B520461308}.Debug|Mixed Platforms.ActiveCfg = Debug|Any CPU
		{06975F6E-744C-4622-8B67-F6B520461308}.Debug|Mixed Platforms.Build.0 = Debug|Any CPU
		{06975F6E-744C-4622-8B67-F6B520461308}.Release|.NET.ActiveCfg = Release|Any CPU
		{06975F6E-744C-4622-8B67-F6B520461308}.Release|Any CPU.ActiveCfg = Release|Any CPU
		{06975F6E-744C-4622-8B67-F6B520461308}.Release|Any CPU.Build.0 = Release|Any CPU
		{06975F6E-744C-4622-8B67-F6B520461308}.Release|Mixed Platforms.ActiveCfg = Release|Any CPU
		{06975F6E-744C-4622-8B67-F6B520461308}.Release|Mixed Platforms.Build.0 = Release|Any CPU
		{BA2A4CF7-BE10-4CBC-899C-0976D9DBCC74}.Debug|.NET.ActiveCfg = Debug|Any CPU
		{BA2A4CF7-BE10-4CBC-899C-0976D9DBCC74}.Debug|Any CPU.ActiveCfg = Debug|Any CPU
		{BA2A4CF7-BE10-4CBC-899C-0976D9DBCC74}.Debug|Any CPU.Build.0 = Debug|Any CPU
		{BA2A4CF7-BE10-4CBC-899C-0976D9DBCC74}.Debug|Mixed Platforms.ActiveCfg = Debug|Any CPU
		{BA2A4CF7-BE10-4CBC-899C-0976D9DBCC74}.Debug|Mixed Platforms.Build.0 = Debug|Any CPU
		{BA2A4CF7-BE10-4CBC-899C-0976D9DBCC74}.Release|.NET.ActiveCfg = Release|Any CPU
		{BA2A4CF7-BE10-4CBC-899C-0976D9DBCC74}.Release|Any CPU.ActiveCfg = Release|Any CPU
		{BA2A4CF7-BE10-4CBC-899C-0976D9DBCC74}.Release|Any CPU.Build.0 = Release|Any CPU
		{BA2A4CF7-BE10-4CBC-899C-0976D9DBCC74}.Release|Mixed Platforms.ActiveCfg = Release|Any CPU
		{BA2A4CF7-BE10-4CBC-899C-0976D9DBCC74}.Release|Mixed Platforms.Build.0 = Release|Any CPU
		{04A97CF5-52F9-45C1-B114-CA21AF6A7F28}.Debug|.NET.ActiveCfg = Debug|Any CPU
		{04A97CF5-52F9-45C1-B114-CA21AF6A7F28}.Debug|Any CPU.ActiveCfg = Debug|Any CPU
		{04A97CF5-52F9-45C1-B114-CA21AF6A7F28}.Debug|Any CPU.Build.0 = Debug|Any CPU
		{04A97CF5-52F9-45C1-B114-CA21AF6A7F28}.Debug|Mixed Platforms.ActiveCfg = Debug|Any CPU
		{04A97CF5-52F9-45C1-B114-CA21AF6A7F28}.Debug|Mixed Platforms.Build.0 = Debug|Any CPU
		{04A97CF5-52F9-45C1-B114-CA21AF6A7F28}.Release|.NET.ActiveCfg = Release|Any CPU
		{04A97CF5-52F9-45C1-B114-CA21AF6A7F28}.Release|Any CPU.ActiveCfg = Release|Any CPU
		{04A97CF5-52F9-45C1-B114-CA21AF6A7F28}.Release|Any CPU.Build.0 = Release|Any CPU
		{04A97CF5-52F9-45C1-B114-CA21AF6A7F28}.Release|Mixed Platforms.ActiveCfg = Release|Any CPU
		{04A97CF5-52F9-45C1-B114-CA21AF6A7F28}.Release|Mixed Platforms.Build.0 = Release|Any CPU
		{592E0D6E-453B-4C70-9F29-98E684F2A79E}.Debug|.NET.ActiveCfg = Debug|Any CPU
		{592E0D6E-453B-4C70-9F29-98E684F2A79E}.Debug|Any CPU.ActiveCfg = Debug|Any CPU
		{592E0D6E-453B-4C70-9F29-98E684F2A79E}.Debug|Any CPU.Build.0 = Debug|Any CPU
		{592E0D6E-453B-4C70-9F29-98E684F2A79E}.Debug|Mixed Platforms.ActiveCfg = Debug|Any CPU
		{592E0D6E-453B-4C70-9F29-98E684F2A79E}.Debug|Mixed Platforms.Build.0 = Debug|Any CPU
		{592E0D6E-453B-4C70-9F29-98E684F2A79E}.Release|.NET.ActiveCfg = Release|Any CPU
		{592E0D6E-453B-4C70-9F29-98E684F2A79E}.Release|Any CPU.ActiveCfg = Release|Any CPU
		{592E0D6E-453B-4C70-9F29-98E684F2A79E}.Release|Any CPU.Build.0 = Release|Any CPU
		{592E0D6E-453B-4C70-9F29-98E684F2A79E}.Release|Mixed Platforms.ActiveCfg = Release|Any CPU
		{592E0D6E-453B-4C70-9F29-98E684F2A79E}.Release|Mixed Platforms.Build.0 = Release|Any CPU
		{4B3B3AC2-5797-4FB7-BCED-18BF461EBDC4}.Debug|.NET.ActiveCfg = Debug|Any CPU
		{4B3B3AC2-5797-4FB7-BCED-18BF461EBDC4}.Debug|Any CPU.ActiveCfg = Debug|Any CPU
		{4B3B3AC2-5797-4FB7-BCED-18BF461EBDC4}.Debug|Any CPU.Build.0 = Debug|Any CPU
		{4B3B3AC2-5797-4FB7-BCED-18BF461EBDC4}.Debug|Mixed Platforms.ActiveCfg = Debug|Any CPU
		{4B3B3AC2-5797-4FB7-BCED-18BF461EBDC4}.Debug|Mixed Platforms.Build.0 = Debug|Any CPU
		{4B3B3AC2-5797-4FB7-BCED-18BF461EBDC4}.Release|.NET.ActiveCfg = Release|Any CPU
		{4B3B3AC2-5797-4FB7-BCED-18BF461EBDC4}.Release|Any CPU.ActiveCfg = Release|Any CPU
		{4B3B3AC2-5797-4FB7-BCED-18BF461EBDC4}.Release|Any CPU.Build.0 = Release|Any CPU
		{4B3B3AC2-5797-4FB7-BCED-18BF461EBDC4}.Release|Mixed Platforms.ActiveCfg = Release|Any CPU
		{4B3B3AC2-5797-4FB7-BCED-18BF461EBDC4}.Release|Mixed Platforms.Build.0 = Release|Any CPU
	EndGlobalSection
	GlobalSection(SolutionProperties) = preSolution
		HideSolutionNode = FALSE
	EndGlobalSection
	GlobalSection(NestedProjects) = preSolution
		{3E96B42A-8678-4B4E-BC43-F64F2FFE48B6} = {95F701FD-2093-4520-AB90-D314864AE21F}
		{3CB15450-54E5-4CBE-B252-68B15E9A45F3} = {95F701FD-2093-4520-AB90-D314864AE21F}
		{717E0E35-9A63-4A2B-B9AE-6C6139CC6861} = {95F701FD-2093-4520-AB90-D314864AE21F}
		{C20C2476-6811-4557-8DA1-389BCB5A4399} = {95F701FD-2093-4520-AB90-D314864AE21F}
		{FD20227D-E09E-4AF0-B055-F959C09455CE} = {95F701FD-2093-4520-AB90-D314864AE21F}
		{06975F6E-744C-4622-8B67-F6B520461308} = {95F701FD-2093-4520-AB90-D314864AE21F}
		{04A97CF5-52F9-45C1-B114-CA21AF6A7F28} = {95F701FD-2093-4520-AB90-D314864AE21F}
		{592E0D6E-453B-4C70-9F29-98E684F2A79E} = {95F701FD-2093-4520-AB90-D314864AE21F}
		{4B3B3AC2-5797-4FB7-BCED-18BF461EBDC4} = {95F701FD-2093-4520-AB90-D314864AE21F}
		{ED2EA082-7271-4615-8B1F-B9C5BDA695B4} = {A0329667-EB28-48C0-A4CF-FA1CF01C5FEA}
		{BA2A4CF7-BE10-4CBC-899C-0976D9DBCC74} = {A0329667-EB28-48C0-A4CF-FA1CF01C5FEA}
		{FF650A14-16B7-4CB3-BBC0-592FAE591D3D} = {A0329667-EB28-48C0-A4CF-FA1CF01C5FEA}
	EndGlobalSection
EndGlobal
