
Microsoft Visual Studio Solution File, Format Version 10.00
# Visual Studio 2008
Project("{2150E333-8FDC-42A3-9474-1A3956D46DE8}") = "Samples", "Samples", "{95F701FD-2093-4520-AB90-D314864AE21F}"
EndProject
Project("{2150E333-8FDC-42A3-9474-1A3956D46DE8}") = "Solution Items", "Solution Items", "{65736DF0-90F5-4DA5-831F-384E81F52639}"
	ProjectSection(SolutionItems) = preProject
		localtestrun.testrunconfig = localtestrun.testrunconfig
		NetMX.vsmdi = NetMX.vsmdi
		NetMX1.vsmdi = NetMX1.vsmdi
		NetMX2.vsmdi = NetMX2.vsmdi
		NetMX3.vsmdi = NetMX3.vsmdi
		NetMX4.vsmdi = NetMX4.vsmdi
		NetMX5.vsmdi = NetMX5.vsmdi
		NetMX6.vsmdi = NetMX6.vsmdi
		NetMX7.vsmdi = NetMX7.vsmdi
	EndProjectSection
EndProject
Project("{FAE04EC0-301F-11D3-BF4B-00C04F79EFBC}") = "NetMX", "NetMX\NetMX.csproj", "{619AD956-B7BC-492D-9722-25DA4891E144}"
EndProject
Project("{FAE04EC0-301F-11D3-BF4B-00C04F79EFBC}") = "NetMX.Default", "NetMX.Default\NetMX.Default.csproj", "{9B9279AA-5B62-4834-9949-F2CCE7318610}"
EndProject
Project("{FAE04EC0-301F-11D3-BF4B-00C04F79EFBC}") = "NetMX.Remote", "NetMX.Remote\NetMX.Remote.csproj", "{E5D06BDE-F173-4175-BF94-F9DDCE4E347D}"
EndProject
Project("{FAE04EC0-301F-11D3-BF4B-00C04F79EFBC}") = "Simon.Configuration", "Simon.Configuration\Simon.Configuration.csproj", "{E67606FD-77EF-4498-829C-CA24FFB03117}"
EndProject
Project("{FAE04EC0-301F-11D3-BF4B-00C04F79EFBC}") = "NetMX.Remote.Remoting", "NetMX.Remote.Remoting\NetMX.Remote.Remoting.csproj", "{FF650A14-16B7-4CB3-BBC0-592FAE591D3D}"
EndProject
Project("{FAE04EC0-301F-11D3-BF4B-00C04F79EFBC}") = "SimpleConsoleDemo", "Samples\SimpleConsoleDemo\SimpleConsoleDemo.csproj", "{3E96B42A-8678-4B4E-BC43-F64F2FFE48B6}"
EndProject
Project("{FAE04EC0-301F-11D3-BF4B-00C04F79EFBC}") = "RemotingDemo", "Samples\RemotingDemo\RemotingDemo.csproj", "{3CB15450-54E5-4CBE-B252-68B15E9A45F3}"
EndProject
Project("{E24C65DC-7377-472B-9ABA-BC803B73C61A}") = "WebDemo", "Samples\WebDemo", "{F6077349-28DF-454E-9F74-140821760C0E}"
	ProjectSection(WebsiteProperties) = preProject
		SccProjectName = "SAK"
		SccAuxPath = "SAK"
		SccLocalPath = "SAK"
		SccProvider = "SAK"
		TargetFramework = "2.0"
		ProjectReferences = "{619AD956-B7BC-492D-9722-25DA4891E144}|NetMX.dll;{9B9279AA-5B62-4834-9949-F2CCE7318610}|NetMX.Default.dll;{E5D06BDE-F173-4175-BF94-F9DDCE4E347D}|NetMX.Remote.dll;{FF650A14-16B7-4CB3-BBC0-592FAE591D3D}|NetMX.Remote.Remoting.dll;{7ABCFCE5-8A64-4D8F-AC60-731637E54F3B}|NetMX.WebUI.dll;{2C4128C4-CD09-4CB6-A97B-E8F36E92AA6E}|NetMX.Proxy.Castle.dll;{E67606FD-77EF-4498-829C-CA24FFB03117}|Simon.Configuration.dll;{DD2598EC-FF14-468C-AE00-EFC63D18693B}|NetMX.Proxy.dll;{27AAB473-F263-4F24-A0DC-9B3CAFCE1E16}|NetMX.OpenMBean.dll;{777EBC51-1D14-4170-8ABA-9D78328641D7}|NetMX.Relation.dll;{ED2EA082-7271-4615-8B1F-B9C5BDA695B4}|NetMX.Remote.ServiceModel.dll;"
		Debug.AspNetCompiler.VirtualPath = "/WebDemo"
		Debug.AspNetCompiler.PhysicalPath = "Samples\WebDemo\"
		Debug.AspNetCompiler.TargetPath = "PrecompiledWeb\WebDemo\"
		Debug.AspNetCompiler.Updateable = "true"
		Debug.AspNetCompiler.ForceOverwrite = "true"
		Debug.AspNetCompiler.FixedNames = "false"
		Debug.AspNetCompiler.Debug = "True"
		Release.AspNetCompiler.VirtualPath = "/WebDemo"
		Release.AspNetCompiler.PhysicalPath = "Samples\WebDemo\"
		Release.AspNetCompiler.TargetPath = "PrecompiledWeb\WebDemo\"
		Release.AspNetCompiler.Updateable = "true"
		Release.AspNetCompiler.ForceOverwrite = "true"
		Release.AspNetCompiler.FixedNames = "false"
		Release.AspNetCompiler.Debug = "False"
		VWDPort = "2588"
		DefaultWebSiteLanguage = "Visual C#"
	EndProjectSection
EndProject
Project("{FAE04EC0-301F-11D3-BF4B-00C04F79EFBC}") = "RemotingServerDemo", "Samples\RemotingServerDemo\RemotingServerDemo.csproj", "{717E0E35-9A63-4A2B-B9AE-6C6139CC6861}"
EndProject
Project("{FAE04EC0-301F-11D3-BF4B-00C04F79EFBC}") = "NetMX.Tests", "NetMX.Tests\NetMX.Tests.csproj", "{02C0718F-E261-41BE-BB30-5978AE2E1CC7}"
EndProject
Project("{FAE04EC0-301F-11D3-BF4B-00C04F79EFBC}") = "NetMX.IntegrationTests", "NetMX.IntegrationTests\NetMX.IntegrationTests.csproj", "{1521A50C-FFDE-44E7-91E3-9CEE1FCDB56A}"
EndProject
Project("{FAE04EC0-301F-11D3-BF4B-00C04F79EFBC}") = "NetMX.Relation", "NetMX.Relation\NetMX.Relation.csproj", "{777EBC51-1D14-4170-8ABA-9D78328641D7}"
EndProject
Project("{FAE04EC0-301F-11D3-BF4B-00C04F79EFBC}") = "NetMX.WebUI", "NetMX.WebUI\NetMX.WebUI.csproj", "{7ABCFCE5-8A64-4D8F-AC60-731637E54F3B}"
EndProject
Project("{FAE04EC0-301F-11D3-BF4B-00C04F79EFBC}") = "NetMX.Proxy", "NetMX.Proxy\NetMX.Proxy.csproj", "{DD2598EC-FF14-468C-AE00-EFC63D18693B}"
EndProject
Project("{FAE04EC0-301F-11D3-BF4B-00C04F79EFBC}") = "NetMX.Proxy.Castle", "NetMX.Proxy.Castle\NetMX.Proxy.Castle.csproj", "{2C4128C4-CD09-4CB6-A97B-E8F36E92AA6E}"
EndProject
Project("{FAE04EC0-301F-11D3-BF4B-00C04F79EFBC}") = "NetMX.Relation.Tests", "NetMX.Relation.Tests\NetMX.Relation.Tests.csproj", "{CF71B902-810B-424A-AF3D-A375D9CB2BC5}"
EndProject
Project("{FAE04EC0-301F-11D3-BF4B-00C04F79EFBC}") = "NetMX.OpenMBean", "NetMX.OpenMBean\NetMX.OpenMBean.csproj", "{27AAB473-F263-4F24-A0DC-9B3CAFCE1E16}"
EndProject
Project("{FAE04EC0-301F-11D3-BF4B-00C04F79EFBC}") = "NetMX.OpenMBean.Tests", "NetMX.OpenMBean.Tests\NetMX.OpenMBean.Tests.csproj", "{AE3326F7-D030-498E-9C4D-CF067A97146A}"
EndProject
Project("{FAE04EC0-301F-11D3-BF4B-00C04F79EFBC}") = "CLRMonitoringSample", "Samples\CLRMonitoringSample\CLRMonitoringSample.csproj", "{C20C2476-6811-4557-8DA1-389BCB5A4399}"
EndProject
Project("{FAE04EC0-301F-11D3-BF4B-00C04F79EFBC}") = "NetMX.OpenMBean.Mapper", "NetMX.OpenMBean.Mapper\NetMX.OpenMBean.Mapper.csproj", "{ADD61DDF-F142-4688-B8C3-93F378630252}"
EndProject
Project("{FAE04EC0-301F-11D3-BF4B-00C04F79EFBC}") = "NetMX.OpenMBean.Mapper.Tests", "NetMX.OpenMBean.Mapper.Tests\NetMX.OpenMBean.Mapper.Tests.csproj", "{0A703F9B-CA81-4E90-AB7F-356E1E810C59}"
EndProject
Project("{FAE04EC0-301F-11D3-BF4B-00C04F79EFBC}") = "NetMX.Timer", "NetMX.Timer\NetMX.Timer.csproj", "{5D56EAF4-F219-44CA-B6BD-55A31959CAE6}"
EndProject
Project("{FAE04EC0-301F-11D3-BF4B-00C04F79EFBC}") = "NetMX.Monitor", "NetMX.Monitor\NetMX.Monitor.csproj", "{308E1A58-89D2-4943-84AF-3AC97568D9EE}"
EndProject
Project("{FAE04EC0-301F-11D3-BF4B-00C04F79EFBC}") = "TimersConsoleDemo", "Samples\TimersConsoleDemo\TimersConsoleDemo.csproj", "{FD20227D-E09E-4AF0-B055-F959C09455CE}"
EndProject
Project("{FAE04EC0-301F-11D3-BF4B-00C04F79EFBC}") = "NetMX.Remote.ServiceModel", "NetMX.Remote.ServiceModel\NetMX.Remote.ServiceModel.csproj", "{ED2EA082-7271-4615-8B1F-B9C5BDA695B4}"
EndProject
Project("{FAE04EC0-301F-11D3-BF4B-00C04F79EFBC}") = "NetMX.Spring.BeanExporter", "NetMX.Spring.BeanExporter\NetMX.Spring.BeanExporter.csproj", "{C19B42A6-0CDA-439C-B3E9-6E11FB057733}"
EndProject
Project("{2150E333-8FDC-42A3-9474-1A3956D46DE8}") = "Libs", "Libs", "{996F2F65-9530-4421-8D3B-6F04D939852A}"
	ProjectSection(SolutionItems) = preProject
		Libs\antlr.runtime.dll = Libs\antlr.runtime.dll
		Libs\Common.Logging.dll = Libs\Common.Logging.dll
		Libs\Spring.Core.dll = Libs\Spring.Core.dll
		Libs\Spring.Core.pdb = Libs\Spring.Core.pdb
		Libs\Spring.Services.dll = Libs\Spring.Services.dll
		Libs\Spring.Services.pdb = Libs\Spring.Services.pdb
	EndProjectSection
EndProject
Project("{FAE04EC0-301F-11D3-BF4B-00C04F79EFBC}") = "SpringWcfConsoleManagementServer", "Samples\SpringWcfConsoleManagementServer\SpringWcfConsoleManagementServer.csproj", "{06975F6E-744C-4622-8B67-F6B520461308}"
EndProject
Project("{FAE04EC0-301F-11D3-BF4B-00C04F79EFBC}") = "WcfConsoleManagementClient", "Samples\WcfConsoleManagementClient\WcfConsoleManagementClient.csproj", "{C40A1B09-76E9-477A-B8C9-B13085ABF633}"
EndProject
Project("{FAE04EC0-301F-11D3-BF4B-00C04F79EFBC}") = "WebClientDemo", "WebClientDemo\WebClientDemo.csproj", "{04A97CF5-52F9-45C1-B114-CA21AF6A7F28}"
EndProject
Project("{FAE04EC0-301F-11D3-BF4B-00C04F79EFBC}") = "WebServicesSample", "Samples\WebServicesSample\WebServicesSample.csproj", "{41862DB9-0E5C-4010-A03A-B6DCF1E95105}"
EndProject
Project("{FAE04EC0-301F-11D3-BF4B-00C04F79EFBC}") = "NetMX.Remote.Jsr262", "NetMX.Remote.Jsr262\NetMX.Remote.Jsr262.csproj", "{BA2A4CF7-BE10-4CBC-899C-0976D9DBCC74}"
EndProject
Project("{FAE04EC0-301F-11D3-BF4B-00C04F79EFBC}") = "Simon.WsManagement", "Simon.WsManagement\Simon.WsManagement.csproj", "{39D41E1E-D5D1-4CC4-BCCD-D91DB58A04D2}"
EndProject
Project("{FAE04EC0-301F-11D3-BF4B-00C04F79EFBC}") = "Simon.WsManagement.Tests", "Simon.WsManagement.Tests\Simon.WsManagement.Tests.csproj", "{884F4882-8916-42CD-99F6-A80DA650FD0C}"
EndProject
Global
	GlobalSection(TeamFoundationVersionControl) = preSolution
		SccNumberOfProjects = 34
		SccEnterpriseProvider = {4CA58AB2-18FA-4F8D-95D4-32DDF27D184C}
		SccTeamFoundationServer = https://tfs04.codeplex.com/
		SccLocalPath0 = .
		SccProjectUniqueName1 = NetMX.Default\\NetMX.Default.csproj
		SccProjectName1 = NetMX.Default
		SccLocalPath1 = NetMX.Default
		SccProjectUniqueName2 = NetMX.IntegrationTests\\NetMX.IntegrationTests.csproj
		SccProjectName2 = NetMX.IntegrationTests
		SccLocalPath2 = NetMX.IntegrationTests
		SccProjectUniqueName3 = NetMX.Remote.Remoting\\NetMX.Remote.Remoting.csproj
		SccProjectName3 = NetMX.Remote.Remoting
		SccLocalPath3 = NetMX.Remote.Remoting
		SccProjectUniqueName4 = NetMX.Remote\\NetMX.Remote.csproj
		SccProjectName4 = NetMX.Remote
		SccLocalPath4 = NetMX.Remote
		SccProjectUniqueName5 = NetMX.Tests\\NetMX.Tests.csproj
		SccProjectName5 = NetMX.Tests
		SccLocalPath5 = NetMX.Tests
		SccProjectUniqueName6 = NetMX\\NetMX.csproj
		SccProjectName6 = NetMX
		SccLocalPath6 = NetMX
		SccProjectUniqueName7 = Samples\\RemotingDemo\\RemotingDemo.csproj
		SccProjectTopLevelParentUniqueName7 = NetMX.sln
		SccProjectName7 = Samples/RemotingDemo
		SccLocalPath7 = Samples\\RemotingDemo
		SccProjectUniqueName8 = Samples\\RemotingServerDemo\\RemotingServerDemo.csproj
		SccProjectTopLevelParentUniqueName8 = NetMX.sln
		SccProjectName8 = Samples/RemotingServerDemo
		SccLocalPath8 = Samples\\RemotingServerDemo
		SccProjectUniqueName9 = Samples\\SimpleConsoleDemo\\SimpleConsoleDemo.csproj
		SccProjectTopLevelParentUniqueName9 = NetMX.sln
		SccProjectName9 = Samples/SimpleConsoleDemo
		SccLocalPath9 = Samples\\SimpleConsoleDemo
		SccProjectUniqueName10 = Simon.Configuration\\Simon.Configuration.csproj
		SccProjectName10 = Simon.Configuration
		SccLocalPath10 = Simon.Configuration
		SccProjectUniqueName11 = NetMX.Relation\\NetMX.Relation.csproj
		SccProjectName11 = NetMX.Relation
		SccLocalPath11 = NetMX.Relation
		SccProjectUniqueName12 = NetMX.WebUI\\NetMX.WebUI.csproj
		SccProjectName12 = NetMX.WebUI
		SccLocalPath12 = NetMX.WebUI
		SccProjectUniqueName13 = NetMX.Proxy\\NetMX.Proxy.csproj
		SccProjectName13 = NetMX.Proxy
		SccLocalPath13 = NetMX.Proxy
		SccProjectUniqueName14 = NetMX.Proxy.Castle\\NetMX.Proxy.Castle.csproj
		SccProjectName14 = NetMX.Proxy.Castle
		SccLocalPath14 = NetMX.Proxy.Castle
		SccProjectUniqueName15 = NetMX.Relation.Tests\\NetMX.Relation.Tests.csproj
		SccProjectName15 = NetMX.Relation.Tests
		SccLocalPath15 = NetMX.Relation.Tests
		SccProjectUniqueName16 = NetMX.OpenMBean\\NetMX.OpenMBean.csproj
		SccProjectName16 = NetMX.OpenMBean
		SccLocalPath16 = NetMX.OpenMBean
		SccProjectUniqueName17 = NetMX.OpenMBean.Tests\\NetMX.OpenMBean.Tests.csproj
		SccProjectName17 = NetMX.OpenMBean.Tests
		SccLocalPath17 = NetMX.OpenMBean.Tests
		SccProjectUniqueName18 = Samples\\CLRMonitoringSample\\CLRMonitoringSample.csproj
		SccProjectTopLevelParentUniqueName18 = NetMX.sln
		SccProjectName18 = Samples/CLRMonitoringSample
		SccLocalPath18 = Samples\\CLRMonitoringSample
		SccProjectUniqueName19 = NetMX.OpenMBean.Mapper\\NetMX.OpenMBean.Mapper.csproj
		SccProjectName19 = NetMX.OpenMBean.Mapper
		SccLocalPath19 = NetMX.OpenMBean.Mapper
		SccProjectUniqueName20 = NetMX.OpenMBean.Mapper.Tests\\NetMX.OpenMBean.Mapper.Tests.csproj
		SccProjectName20 = NetMX.OpenMBean.Mapper.Tests
		SccLocalPath20 = NetMX.OpenMBean.Mapper.Tests
		SccProjectUniqueName21 = NetMX.Timer\\NetMX.Timer.csproj
		SccProjectName21 = NetMX.Timer
		SccLocalPath21 = NetMX.Timer
		SccProjectUniqueName22 = NetMX.Monitor\\NetMX.Monitor.csproj
		SccProjectName22 = NetMX.Monitor
		SccLocalPath22 = NetMX.Monitor
		SccProjectUniqueName23 = Samples\\TimersConsoleDemo\\TimersConsoleDemo.csproj
		SccProjectTopLevelParentUniqueName23 = NetMX.sln
		SccProjectName23 = Samples/TimersConsoleDemo
		SccLocalPath23 = Samples\\TimersConsoleDemo
		SccProjectUniqueName24 = NetMX.Remote.ServiceModel\\NetMX.Remote.ServiceModel.csproj
		SccProjectName24 = NetMX.Remote.ServiceModel
		SccLocalPath24 = NetMX.Remote.ServiceModel
		SccProjectUniqueName25 = NetMX.Spring.BeanExporter\\NetMX.Spring.BeanExporter.csproj
		SccProjectName25 = NetMX.Spring.BeanExporter
		SccLocalPath25 = NetMX.Spring.BeanExporter
		SccProjectUniqueName26 = Samples\\SpringWcfConsoleManagementServer\\SpringWcfConsoleManagementServer.csproj
		SccProjectTopLevelParentUniqueName26 = NetMX.sln
		SccProjectName26 = Samples/SpringWcfConsoleManagementServer
		SccLocalPath26 = Samples\\SpringWcfConsoleManagementServer
		SccProjectUniqueName27 = Samples\\WcfConsoleManagementClient\\WcfConsoleManagementClient.csproj
		SccProjectTopLevelParentUniqueName27 = NetMX.sln
		SccProjectName27 = Samples/WcfConsoleManagementClient
		SccLocalPath27 = Samples\\WcfConsoleManagementClient
		SccWebProject28 = true
		SccProjectUniqueName28 = Samples\\WebDemo
		SccProjectTopLevelParentUniqueName28 = NetMX.sln
		SccProjectName28 = Samples/WebDemo
		SccLocalPath28 = .
		SccProjectFilePathRelativizedFromConnection28 = Samples\\WebDemo\\
		SccProjectEnlistmentChoice28 = 2
		SccProjectUniqueName29 = WebClientDemo\\WebClientDemo.csproj
		SccProjectTopLevelParentUniqueName29 = NetMX.sln
		SccProjectName29 = WebClientDemo
		SccLocalPath29 = WebClientDemo
		SccProjectUniqueName30 = Samples\\WebServicesSample\\WebServicesSample.csproj
		SccProjectTopLevelParentUniqueName30 = NetMX.sln
		SccProjectName30 = Samples/WebServicesSample
		SccLocalPath30 = Samples\\WebServicesSample
		SccProjectUniqueName31 = NetMX.Remote.Jsr262\\NetMX.Remote.Jsr262.csproj
		SccProjectName31 = NetMX.Remote.Jsr262
		SccLocalPath31 = NetMX.Remote.Jsr262
		SccProjectUniqueName32 = Simon.WsManagement\\Simon.WsManagement.csproj
		SccProjectName32 = Simon.WsManagement
		SccLocalPath32 = Simon.WsManagement
		SccProjectUniqueName33 = Simon.WsManagement.Tests\\Simon.WsManagement.Tests.csproj
		SccProjectName33 = Simon.WsManagement.Tests
		SccLocalPath33 = Simon.WsManagement.Tests
	EndGlobalSection
	GlobalSection(TestCaseManagementSettings) = postSolution
		CategoryFile = NetMX7.vsmdi
	EndGlobalSection
	GlobalSection(SolutionConfigurationPlatforms) = preSolution
		Debug|.NET = Debug|.NET
		Debug|Any CPU = Debug|Any CPU
		Debug|Mixed Platforms = Debug|Mixed Platforms
		Release|.NET = Release|.NET
		Release|Any CPU = Release|Any CPU
		Release|Mixed Platforms = Release|Mixed Platforms
	EndGlobalSection
	GlobalSection(ProjectConfigurationPlatforms) = postSolution
		{619AD956-B7BC-492D-9722-25DA4891E144}.Debug|.NET.ActiveCfg = Debug|Any CPU
		{619AD956-B7BC-492D-9722-25DA4891E144}.Debug|Any CPU.ActiveCfg = Debug|Any CPU
		{619AD956-B7BC-492D-9722-25DA4891E144}.Debug|Any CPU.Build.0 = Debug|Any CPU
		{619AD956-B7BC-492D-9722-25DA4891E144}.Debug|Mixed Platforms.ActiveCfg = Debug|Any CPU
		{619AD956-B7BC-492D-9722-25DA4891E144}.Debug|Mixed Platforms.Build.0 = Debug|Any CPU
		{619AD956-B7BC-492D-9722-25DA4891E144}.Release|.NET.ActiveCfg = Release|Any CPU
		{619AD956-B7BC-492D-9722-25DA4891E144}.Release|Any CPU.ActiveCfg = Release|Any CPU
		{619AD956-B7BC-492D-9722-25DA4891E144}.Release|Any CPU.Build.0 = Release|Any CPU
		{619AD956-B7BC-492D-9722-25DA4891E144}.Release|Mixed Platforms.ActiveCfg = Release|Any CPU
		{619AD956-B7BC-492D-9722-25DA4891E144}.Release|Mixed Platforms.Build.0 = Release|Any CPU
		{9B9279AA-5B62-4834-9949-F2CCE7318610}.Debug|.NET.ActiveCfg = Debug|Any CPU
		{9B9279AA-5B62-4834-9949-F2CCE7318610}.Debug|Any CPU.ActiveCfg = Debug|Any CPU
		{9B9279AA-5B62-4834-9949-F2CCE7318610}.Debug|Any CPU.Build.0 = Debug|Any CPU
		{9B9279AA-5B62-4834-9949-F2CCE7318610}.Debug|Mixed Platforms.ActiveCfg = Debug|Any CPU
		{9B9279AA-5B62-4834-9949-F2CCE7318610}.Debug|Mixed Platforms.Build.0 = Debug|Any CPU
		{9B9279AA-5B62-4834-9949-F2CCE7318610}.Release|.NET.ActiveCfg = Release|Any CPU
		{9B9279AA-5B62-4834-9949-F2CCE7318610}.Release|Any CPU.ActiveCfg = Release|Any CPU
		{9B9279AA-5B62-4834-9949-F2CCE7318610}.Release|Any CPU.Build.0 = Release|Any CPU
		{9B9279AA-5B62-4834-9949-F2CCE7318610}.Release|Mixed Platforms.ActiveCfg = Release|Any CPU
		{9B9279AA-5B62-4834-9949-F2CCE7318610}.Release|Mixed Platforms.Build.0 = Release|Any CPU
		{E5D06BDE-F173-4175-BF94-F9DDCE4E347D}.Debug|.NET.ActiveCfg = Debug|Any CPU
		{E5D06BDE-F173-4175-BF94-F9DDCE4E347D}.Debug|Any CPU.ActiveCfg = Debug|Any CPU
		{E5D06BDE-F173-4175-BF94-F9DDCE4E347D}.Debug|Any CPU.Build.0 = Debug|Any CPU
		{E5D06BDE-F173-4175-BF94-F9DDCE4E347D}.Debug|Mixed Platforms.ActiveCfg = Debug|Any CPU
		{E5D06BDE-F173-4175-BF94-F9DDCE4E347D}.Debug|Mixed Platforms.Build.0 = Debug|Any CPU
		{E5D06BDE-F173-4175-BF94-F9DDCE4E347D}.Release|.NET.ActiveCfg = Release|Any CPU
		{E5D06BDE-F173-4175-BF94-F9DDCE4E347D}.Release|Any CPU.ActiveCfg = Release|Any CPU
		{E5D06BDE-F173-4175-BF94-F9DDCE4E347D}.Release|Any CPU.Build.0 = Release|Any CPU
		{E5D06BDE-F173-4175-BF94-F9DDCE4E347D}.Release|Mixed Platforms.ActiveCfg = Release|Any CPU
		{E5D06BDE-F173-4175-BF94-F9DDCE4E347D}.Release|Mixed Platforms.Build.0 = Release|Any CPU
		{E67606FD-77EF-4498-829C-CA24FFB03117}.Debug|.NET.ActiveCfg = Debug|Any CPU
		{E67606FD-77EF-4498-829C-CA24FFB03117}.Debug|Any CPU.ActiveCfg = Debug|Any CPU
		{E67606FD-77EF-4498-829C-CA24FFB03117}.Debug|Any CPU.Build.0 = Debug|Any CPU
		{E67606FD-77EF-4498-829C-CA24FFB03117}.Debug|Mixed Platforms.ActiveCfg = Debug|Any CPU
		{E67606FD-77EF-4498-829C-CA24FFB03117}.Debug|Mixed Platforms.Build.0 = Debug|Any CPU
		{E67606FD-77EF-4498-829C-CA24FFB03117}.Release|.NET.ActiveCfg = Release|Any CPU
		{E67606FD-77EF-4498-829C-CA24FFB03117}.Release|Any CPU.ActiveCfg = Release|Any CPU
		{E67606FD-77EF-4498-829C-CA24FFB03117}.Release|Any CPU.Build.0 = Release|Any CPU
		{E67606FD-77EF-4498-829C-CA24FFB03117}.Release|Mixed Platforms.ActiveCfg = Release|Any CPU
		{E67606FD-77EF-4498-829C-CA24FFB03117}.Release|Mixed Platforms.Build.0 = Release|Any CPU
		{FF650A14-16B7-4CB3-BBC0-592FAE591D3D}.Debug|.NET.ActiveCfg = Debug|Any CPU
		{FF650A14-16B7-4CB3-BBC0-592FAE591D3D}.Debug|Any CPU.ActiveCfg = Debug|Any CPU
		{FF650A14-16B7-4CB3-BBC0-592FAE591D3D}.Debug|Any CPU.Build.0 = Debug|Any CPU
		{FF650A14-16B7-4CB3-BBC0-592FAE591D3D}.Debug|Mixed Platforms.ActiveCfg = Debug|Any CPU
		{FF650A14-16B7-4CB3-BBC0-592FAE591D3D}.Debug|Mixed Platforms.Build.0 = Debug|Any CPU
		{FF650A14-16B7-4CB3-BBC0-592FAE591D3D}.Release|.NET.ActiveCfg = Release|Any CPU
		{FF650A14-16B7-4CB3-BBC0-592FAE591D3D}.Release|Any CPU.ActiveCfg = Release|Any CPU
		{FF650A14-16B7-4CB3-BBC0-592FAE591D3D}.Release|Any CPU.Build.0 = Release|Any CPU
		{FF650A14-16B7-4CB3-BBC0-592FAE591D3D}.Release|Mixed Platforms.ActiveCfg = Release|Any CPU
		{FF650A14-16B7-4CB3-BBC0-592FAE591D3D}.Release|Mixed Platforms.Build.0 = Release|Any CPU
		{3E96B42A-8678-4B4E-BC43-F64F2FFE48B6}.Debug|.NET.ActiveCfg = Debug|Any CPU
		{3E96B42A-8678-4B4E-BC43-F64F2FFE48B6}.Debug|Any CPU.ActiveCfg = Debug|Any CPU
		{3E96B42A-8678-4B4E-BC43-F64F2FFE48B6}.Debug|Any CPU.Build.0 = Debug|Any CPU
		{3E96B42A-8678-4B4E-BC43-F64F2FFE48B6}.Debug|Mixed Platforms.ActiveCfg = Debug|Any CPU
		{3E96B42A-8678-4B4E-BC43-F64F2FFE48B6}.Debug|Mixed Platforms.Build.0 = Debug|Any CPU
		{3E96B42A-8678-4B4E-BC43-F64F2FFE48B6}.Release|.NET.ActiveCfg = Release|Any CPU
		{3E96B42A-8678-4B4E-BC43-F64F2FFE48B6}.Release|Any CPU.ActiveCfg = Release|Any CPU
		{3E96B42A-8678-4B4E-BC43-F64F2FFE48B6}.Release|Any CPU.Build.0 = Release|Any CPU
		{3E96B42A-8678-4B4E-BC43-F64F2FFE48B6}.Release|Mixed Platforms.ActiveCfg = Release|Any CPU
		{3E96B42A-8678-4B4E-BC43-F64F2FFE48B6}.Release|Mixed Platforms.Build.0 = Release|Any CPU
		{3CB15450-54E5-4CBE-B252-68B15E9A45F3}.Debug|.NET.ActiveCfg = Debug|Any CPU
		{3CB15450-54E5-4CBE-B252-68B15E9A45F3}.Debug|Any CPU.ActiveCfg = Debug|Any CPU
		{3CB15450-54E5-4CBE-B252-68B15E9A45F3}.Debug|Any CPU.Build.0 = Debug|Any CPU
		{3CB15450-54E5-4CBE-B252-68B15E9A45F3}.Debug|Mixed Platforms.ActiveCfg = Debug|Any CPU
		{3CB15450-54E5-4CBE-B252-68B15E9A45F3}.Debug|Mixed Platforms.Build.0 = Debug|Any CPU
		{3CB15450-54E5-4CBE-B252-68B15E9A45F3}.Release|.NET.ActiveCfg = Release|Any CPU
		{3CB15450-54E5-4CBE-B252-68B15E9A45F3}.Release|Any CPU.ActiveCfg = Release|Any CPU
		{3CB15450-54E5-4CBE-B252-68B15E9A45F3}.Release|Any CPU.Build.0 = Release|Any CPU
		{3CB15450-54E5-4CBE-B252-68B15E9A45F3}.Release|Mixed Platforms.ActiveCfg = Release|Any CPU
		{3CB15450-54E5-4CBE-B252-68B15E9A45F3}.Release|Mixed Platforms.Build.0 = Release|Any CPU
		{F6077349-28DF-454E-9F74-140821760C0E}.Debug|.NET.ActiveCfg = Debug|.NET
		{F6077349-28DF-454E-9F74-140821760C0E}.Debug|.NET.Build.0 = Debug|.NET
		{F6077349-28DF-454E-9F74-140821760C0E}.Debug|Any CPU.ActiveCfg = Debug|.NET
		{F6077349-28DF-454E-9F74-140821760C0E}.Debug|Mixed Platforms.ActiveCfg = Debug|.NET
		{F6077349-28DF-454E-9F74-140821760C0E}.Debug|Mixed Platforms.Build.0 = Debug|.NET
		{F6077349-28DF-454E-9F74-140821760C0E}.Release|.NET.ActiveCfg = Debug|.NET
		{F6077349-28DF-454E-9F74-140821760C0E}.Release|.NET.Build.0 = Debug|.NET
		{F6077349-28DF-454E-9F74-140821760C0E}.Release|Any CPU.ActiveCfg = Debug|.NET
		{F6077349-28DF-454E-9F74-140821760C0E}.Release|Mixed Platforms.ActiveCfg = Debug|.NET
		{F6077349-28DF-454E-9F74-140821760C0E}.Release|Mixed Platforms.Build.0 = Debug|.NET
		{717E0E35-9A63-4A2B-B9AE-6C6139CC6861}.Debug|.NET.ActiveCfg = Debug|Any CPU
		{717E0E35-9A63-4A2B-B9AE-6C6139CC6861}.Debug|Any CPU.ActiveCfg = Debug|Any CPU
		{717E0E35-9A63-4A2B-B9AE-6C6139CC6861}.Debug|Any CPU.Build.0 = Debug|Any CPU
		{717E0E35-9A63-4A2B-B9AE-6C6139CC6861}.Debug|Mixed Platforms.ActiveCfg = Debug|Any CPU
		{717E0E35-9A63-4A2B-B9AE-6C6139CC6861}.Debug|Mixed Platforms.Build.0 = Debug|Any CPU
		{717E0E35-9A63-4A2B-B9AE-6C6139CC6861}.Release|.NET.ActiveCfg = Release|Any CPU
		{717E0E35-9A63-4A2B-B9AE-6C6139CC6861}.Release|Any CPU.ActiveCfg = Release|Any CPU
		{717E0E35-9A63-4A2B-B9AE-6C6139CC6861}.Release|Any CPU.Build.0 = Release|Any CPU
		{717E0E35-9A63-4A2B-B9AE-6C6139CC6861}.Release|Mixed Platforms.ActiveCfg = Release|Any CPU
		{717E0E35-9A63-4A2B-B9AE-6C6139CC6861}.Release|Mixed Platforms.Build.0 = Release|Any CPU
		{02C0718F-E261-41BE-BB30-5978AE2E1CC7}.Debug|.NET.ActiveCfg = Debug|Any CPU
		{02C0718F-E261-41BE-BB30-5978AE2E1CC7}.Debug|Any CPU.ActiveCfg = Debug|Any CPU
		{02C0718F-E261-41BE-BB30-5978AE2E1CC7}.Debug|Any CPU.Build.0 = Debug|Any CPU
		{02C0718F-E261-41BE-BB30-5978AE2E1CC7}.Debug|Mixed Platforms.ActiveCfg = Debug|Any CPU
		{02C0718F-E261-41BE-BB30-5978AE2E1CC7}.Debug|Mixed Platforms.Build.0 = Debug|Any CPU
		{02C0718F-E261-41BE-BB30-5978AE2E1CC7}.Release|.NET.ActiveCfg = Release|Any CPU
		{02C0718F-E261-41BE-BB30-5978AE2E1CC7}.Release|Any CPU.ActiveCfg = Release|Any CPU
		{02C0718F-E261-41BE-BB30-5978AE2E1CC7}.Release|Any CPU.Build.0 = Release|Any CPU
		{02C0718F-E261-41BE-BB30-5978AE2E1CC7}.Release|Mixed Platforms.ActiveCfg = Release|Any CPU
		{02C0718F-E261-41BE-BB30-5978AE2E1CC7}.Release|Mixed Platforms.Build.0 = Release|Any CPU
		{1521A50C-FFDE-44E7-91E3-9CEE1FCDB56A}.Debug|.NET.ActiveCfg = Debug|Any CPU
		{1521A50C-FFDE-44E7-91E3-9CEE1FCDB56A}.Debug|Any CPU.ActiveCfg = Debug|Any CPU
		{1521A50C-FFDE-44E7-91E3-9CEE1FCDB56A}.Debug|Any CPU.Build.0 = Debug|Any CPU
		{1521A50C-FFDE-44E7-91E3-9CEE1FCDB56A}.Debug|Mixed Platforms.ActiveCfg = Debug|Any CPU
		{1521A50C-FFDE-44E7-91E3-9CEE1FCDB56A}.Debug|Mixed Platforms.Build.0 = Debug|Any CPU
		{1521A50C-FFDE-44E7-91E3-9CEE1FCDB56A}.Release|.NET.ActiveCfg = Release|Any CPU
		{1521A50C-FFDE-44E7-91E3-9CEE1FCDB56A}.Release|Any CPU.ActiveCfg = Release|Any CPU
		{1521A50C-FFDE-44E7-91E3-9CEE1FCDB56A}.Release|Any CPU.Build.0 = Release|Any CPU
		{1521A50C-FFDE-44E7-91E3-9CEE1FCDB56A}.Release|Mixed Platforms.ActiveCfg = Release|Any CPU
		{1521A50C-FFDE-44E7-91E3-9CEE1FCDB56A}.Release|Mixed Platforms.Build.0 = Release|Any CPU
		{777EBC51-1D14-4170-8ABA-9D78328641D7}.Debug|.NET.ActiveCfg = Debug|Any CPU
		{777EBC51-1D14-4170-8ABA-9D78328641D7}.Debug|Any CPU.ActiveCfg = Debug|Any CPU
		{777EBC51-1D14-4170-8ABA-9D78328641D7}.Debug|Any CPU.Build.0 = Debug|Any CPU
		{777EBC51-1D14-4170-8ABA-9D78328641D7}.Debug|Mixed Platforms.ActiveCfg = Debug|Any CPU
		{777EBC51-1D14-4170-8ABA-9D78328641D7}.Debug|Mixed Platforms.Build.0 = Debug|Any CPU
		{777EBC51-1D14-4170-8ABA-9D78328641D7}.Release|.NET.ActiveCfg = Release|Any CPU
		{777EBC51-1D14-4170-8ABA-9D78328641D7}.Release|Any CPU.ActiveCfg = Release|Any CPU
		{777EBC51-1D14-4170-8ABA-9D78328641D7}.Release|Any CPU.Build.0 = Release|Any CPU
		{777EBC51-1D14-4170-8ABA-9D78328641D7}.Release|Mixed Platforms.ActiveCfg = Release|Any CPU
		{777EBC51-1D14-4170-8ABA-9D78328641D7}.Release|Mixed Platforms.Build.0 = Release|Any CPU
		{7ABCFCE5-8A64-4D8F-AC60-731637E54F3B}.Debug|.NET.ActiveCfg = Debug|Any CPU
		{7ABCFCE5-8A64-4D8F-AC60-731637E54F3B}.Debug|Any CPU.ActiveCfg = Debug|Any CPU
		{7ABCFCE5-8A64-4D8F-AC60-731637E54F3B}.Debug|Any CPU.Build.0 = Debug|Any CPU
		{7ABCFCE5-8A64-4D8F-AC60-731637E54F3B}.Debug|Mixed Platforms.ActiveCfg = Debug|Any CPU
		{7ABCFCE5-8A64-4D8F-AC60-731637E54F3B}.Debug|Mixed Platforms.Build.0 = Debug|Any CPU
		{7ABCFCE5-8A64-4D8F-AC60-731637E54F3B}.Release|.NET.ActiveCfg = Release|Any CPU
		{7ABCFCE5-8A64-4D8F-AC60-731637E54F3B}.Release|Any CPU.ActiveCfg = Release|Any CPU
		{7ABCFCE5-8A64-4D8F-AC60-731637E54F3B}.Release|Any CPU.Build.0 = Release|Any CPU
		{7ABCFCE5-8A64-4D8F-AC60-731637E54F3B}.Release|Mixed Platforms.ActiveCfg = Release|Any CPU
		{7ABCFCE5-8A64-4D8F-AC60-731637E54F3B}.Release|Mixed Platforms.Build.0 = Release|Any CPU
		{DD2598EC-FF14-468C-AE00-EFC63D18693B}.Debug|.NET.ActiveCfg = Debug|Any CPU
		{DD2598EC-FF14-468C-AE00-EFC63D18693B}.Debug|Any CPU.ActiveCfg = Debug|Any CPU
		{DD2598EC-FF14-468C-AE00-EFC63D18693B}.Debug|Any CPU.Build.0 = Debug|Any CPU
		{DD2598EC-FF14-468C-AE00-EFC63D18693B}.Debug|Mixed Platforms.ActiveCfg = Debug|Any CPU
		{DD2598EC-FF14-468C-AE00-EFC63D18693B}.Debug|Mixed Platforms.Build.0 = Debug|Any CPU
		{DD2598EC-FF14-468C-AE00-EFC63D18693B}.Release|.NET.ActiveCfg = Release|Any CPU
		{DD2598EC-FF14-468C-AE00-EFC63D18693B}.Release|Any CPU.ActiveCfg = Release|Any CPU
		{DD2598EC-FF14-468C-AE00-EFC63D18693B}.Release|Any CPU.Build.0 = Release|Any CPU
		{DD2598EC-FF14-468C-AE00-EFC63D18693B}.Release|Mixed Platforms.ActiveCfg = Release|Any CPU
		{DD2598EC-FF14-468C-AE00-EFC63D18693B}.Release|Mixed Platforms.Build.0 = Release|Any CPU
		{2C4128C4-CD09-4CB6-A97B-E8F36E92AA6E}.Debug|.NET.ActiveCfg = Debug|Any CPU
		{2C4128C4-CD09-4CB6-A97B-E8F36E92AA6E}.Debug|Any CPU.ActiveCfg = Debug|Any CPU
		{2C4128C4-CD09-4CB6-A97B-E8F36E92AA6E}.Debug|Any CPU.Build.0 = Debug|Any CPU
		{2C4128C4-CD09-4CB6-A97B-E8F36E92AA6E}.Debug|Mixed Platforms.ActiveCfg = Debug|Any CPU
		{2C4128C4-CD09-4CB6-A97B-E8F36E92AA6E}.Debug|Mixed Platforms.Build.0 = Debug|Any CPU
		{2C4128C4-CD09-4CB6-A97B-E8F36E92AA6E}.Release|.NET.ActiveCfg = Release|Any CPU
		{2C4128C4-CD09-4CB6-A97B-E8F36E92AA6E}.Release|Any CPU.ActiveCfg = Release|Any CPU
		{2C4128C4-CD09-4CB6-A97B-E8F36E92AA6E}.Release|Any CPU.Build.0 = Release|Any CPU
		{2C4128C4-CD09-4CB6-A97B-E8F36E92AA6E}.Release|Mixed Platforms.ActiveCfg = Release|Any CPU
		{2C4128C4-CD09-4CB6-A97B-E8F36E92AA6E}.Release|Mixed Platforms.Build.0 = Release|Any CPU
		{CF71B902-810B-424A-AF3D-A375D9CB2BC5}.Debug|.NET.ActiveCfg = Debug|Any CPU
		{CF71B902-810B-424A-AF3D-A375D9CB2BC5}.Debug|Any CPU.ActiveCfg = Debug|Any CPU
		{CF71B902-810B-424A-AF3D-A375D9CB2BC5}.Debug|Any CPU.Build.0 = Debug|Any CPU
		{CF71B902-810B-424A-AF3D-A375D9CB2BC5}.Debug|Mixed Platforms.ActiveCfg = Debug|Any CPU
		{CF71B902-810B-424A-AF3D-A375D9CB2BC5}.Debug|Mixed Platforms.Build.0 = Debug|Any CPU
		{CF71B902-810B-424A-AF3D-A375D9CB2BC5}.Release|.NET.ActiveCfg = Release|Any CPU
		{CF71B902-810B-424A-AF3D-A375D9CB2BC5}.Release|Any CPU.ActiveCfg = Release|Any CPU
		{CF71B902-810B-424A-AF3D-A375D9CB2BC5}.Release|Any CPU.Build.0 = Release|Any CPU
		{CF71B902-810B-424A-AF3D-A375D9CB2BC5}.Release|Mixed Platforms.ActiveCfg = Release|Any CPU
		{CF71B902-810B-424A-AF3D-A375D9CB2BC5}.Release|Mixed Platforms.Build.0 = Release|Any CPU
		{27AAB473-F263-4F24-A0DC-9B3CAFCE1E16}.Debug|.NET.ActiveCfg = Debug|Any CPU
		{27AAB473-F263-4F24-A0DC-9B3CAFCE1E16}.Debug|Any CPU.ActiveCfg = Debug|Any CPU
		{27AAB473-F263-4F24-A0DC-9B3CAFCE1E16}.Debug|Any CPU.Build.0 = Debug|Any CPU
		{27AAB473-F263-4F24-A0DC-9B3CAFCE1E16}.Debug|Mixed Platforms.ActiveCfg = Debug|Any CPU
		{27AAB473-F263-4F24-A0DC-9B3CAFCE1E16}.Debug|Mixed Platforms.Build.0 = Debug|Any CPU
		{27AAB473-F263-4F24-A0DC-9B3CAFCE1E16}.Release|.NET.ActiveCfg = Release|Any CPU
		{27AAB473-F263-4F24-A0DC-9B3CAFCE1E16}.Release|Any CPU.ActiveCfg = Release|Any CPU
		{27AAB473-F263-4F24-A0DC-9B3CAFCE1E16}.Release|Any CPU.Build.0 = Release|Any CPU
		{27AAB473-F263-4F24-A0DC-9B3CAFCE1E16}.Release|Mixed Platforms.ActiveCfg = Release|Any CPU
		{27AAB473-F263-4F24-A0DC-9B3CAFCE1E16}.Release|Mixed Platforms.Build.0 = Release|Any CPU
		{AE3326F7-D030-498E-9C4D-CF067A97146A}.Debug|.NET.ActiveCfg = Debug|Any CPU
		{AE3326F7-D030-498E-9C4D-CF067A97146A}.Debug|Any CPU.ActiveCfg = Debug|Any CPU
		{AE3326F7-D030-498E-9C4D-CF067A97146A}.Debug|Any CPU.Build.0 = Debug|Any CPU
		{AE3326F7-D030-498E-9C4D-CF067A97146A}.Debug|Mixed Platforms.ActiveCfg = Debug|Any CPU
		{AE3326F7-D030-498E-9C4D-CF067A97146A}.Debug|Mixed Platforms.Build.0 = Debug|Any CPU
		{AE3326F7-D030-498E-9C4D-CF067A97146A}.Release|.NET.ActiveCfg = Release|Any CPU
		{AE3326F7-D030-498E-9C4D-CF067A97146A}.Release|Any CPU.ActiveCfg = Release|Any CPU
		{AE3326F7-D030-498E-9C4D-CF067A97146A}.Release|Any CPU.Build.0 = Release|Any CPU
		{AE3326F7-D030-498E-9C4D-CF067A97146A}.Release|Mixed Platforms.ActiveCfg = Release|Any CPU
		{AE3326F7-D030-498E-9C4D-CF067A97146A}.Release|Mixed Platforms.Build.0 = Release|Any CPU
		{C20C2476-6811-4557-8DA1-389BCB5A4399}.Debug|.NET.ActiveCfg = Debug|Any CPU
		{C20C2476-6811-4557-8DA1-389BCB5A4399}.Debug|Any CPU.ActiveCfg = Debug|Any CPU
		{C20C2476-6811-4557-8DA1-389BCB5A4399}.Debug|Any CPU.Build.0 = Debug|Any CPU
		{C20C2476-6811-4557-8DA1-389BCB5A4399}.Debug|Mixed Platforms.ActiveCfg = Debug|Any CPU
		{C20C2476-6811-4557-8DA1-389BCB5A4399}.Debug|Mixed Platforms.Build.0 = Debug|Any CPU
		{C20C2476-6811-4557-8DA1-389BCB5A4399}.Release|.NET.ActiveCfg = Release|Any CPU
		{C20C2476-6811-4557-8DA1-389BCB5A4399}.Release|Any CPU.ActiveCfg = Release|Any CPU
		{C20C2476-6811-4557-8DA1-389BCB5A4399}.Release|Any CPU.Build.0 = Release|Any CPU
		{C20C2476-6811-4557-8DA1-389BCB5A4399}.Release|Mixed Platforms.ActiveCfg = Release|Any CPU
		{C20C2476-6811-4557-8DA1-389BCB5A4399}.Release|Mixed Platforms.Build.0 = Release|Any CPU
		{ADD61DDF-F142-4688-B8C3-93F378630252}.Debug|.NET.ActiveCfg = Debug|Any CPU
		{ADD61DDF-F142-4688-B8C3-93F378630252}.Debug|Any CPU.ActiveCfg = Debug|Any CPU
		{ADD61DDF-F142-4688-B8C3-93F378630252}.Debug|Any CPU.Build.0 = Debug|Any CPU
		{ADD61DDF-F142-4688-B8C3-93F378630252}.Debug|Mixed Platforms.ActiveCfg = Debug|Any CPU
		{ADD61DDF-F142-4688-B8C3-93F378630252}.Debug|Mixed Platforms.Build.0 = Debug|Any CPU
		{ADD61DDF-F142-4688-B8C3-93F378630252}.Release|.NET.ActiveCfg = Release|Any CPU
		{ADD61DDF-F142-4688-B8C3-93F378630252}.Release|Any CPU.ActiveCfg = Release|Any CPU
		{ADD61DDF-F142-4688-B8C3-93F378630252}.Release|Any CPU.Build.0 = Release|Any CPU
		{ADD61DDF-F142-4688-B8C3-93F378630252}.Release|Mixed Platforms.ActiveCfg = Release|Any CPU
		{ADD61DDF-F142-4688-B8C3-93F378630252}.Release|Mixed Platforms.Build.0 = Release|Any CPU
		{0A703F9B-CA81-4E90-AB7F-356E1E810C59}.Debug|.NET.ActiveCfg = Debug|Any CPU
		{0A703F9B-CA81-4E90-AB7F-356E1E810C59}.Debug|Any CPU.ActiveCfg = Debug|Any CPU
		{0A703F9B-CA81-4E90-AB7F-356E1E810C59}.Debug|Any CPU.Build.0 = Debug|Any CPU
		{0A703F9B-CA81-4E90-AB7F-356E1E810C59}.Debug|Mixed Platforms.ActiveCfg = Debug|Any CPU
		{0A703F9B-CA81-4E90-AB7F-356E1E810C59}.Debug|Mixed Platforms.Build.0 = Debug|Any CPU
		{0A703F9B-CA81-4E90-AB7F-356E1E810C59}.Release|.NET.ActiveCfg = Release|Any CPU
		{0A703F9B-CA81-4E90-AB7F-356E1E810C59}.Release|Any CPU.ActiveCfg = Release|Any CPU
		{0A703F9B-CA81-4E90-AB7F-356E1E810C59}.Release|Any CPU.Build.0 = Release|Any CPU
		{0A703F9B-CA81-4E90-AB7F-356E1E810C59}.Release|Mixed Platforms.ActiveCfg = Release|Any CPU
		{0A703F9B-CA81-4E90-AB7F-356E1E810C59}.Release|Mixed Platforms.Build.0 = Release|Any CPU
		{5D56EAF4-F219-44CA-B6BD-55A31959CAE6}.Debug|.NET.ActiveCfg = Debug|Any CPU
		{5D56EAF4-F219-44CA-B6BD-55A31959CAE6}.Debug|Any CPU.ActiveCfg = Debug|Any CPU
		{5D56EAF4-F219-44CA-B6BD-55A31959CAE6}.Debug|Any CPU.Build.0 = Debug|Any CPU
		{5D56EAF4-F219-44CA-B6BD-55A31959CAE6}.Debug|Mixed Platforms.ActiveCfg = Debug|Any CPU
		{5D56EAF4-F219-44CA-B6BD-55A31959CAE6}.Debug|Mixed Platforms.Build.0 = Debug|Any CPU
		{5D56EAF4-F219-44CA-B6BD-55A31959CAE6}.Release|.NET.ActiveCfg = Release|Any CPU
		{5D56EAF4-F219-44CA-B6BD-55A31959CAE6}.Release|Any CPU.ActiveCfg = Release|Any CPU
		{5D56EAF4-F219-44CA-B6BD-55A31959CAE6}.Release|Any CPU.Build.0 = Release|Any CPU
		{5D56EAF4-F219-44CA-B6BD-55A31959CAE6}.Release|Mixed Platforms.ActiveCfg = Release|Any CPU
		{5D56EAF4-F219-44CA-B6BD-55A31959CAE6}.Release|Mixed Platforms.Build.0 = Release|Any CPU
		{308E1A58-89D2-4943-84AF-3AC97568D9EE}.Debug|.NET.ActiveCfg = Debug|Any CPU
		{308E1A58-89D2-4943-84AF-3AC97568D9EE}.Debug|Any CPU.ActiveCfg = Debug|Any CPU
		{308E1A58-89D2-4943-84AF-3AC97568D9EE}.Debug|Any CPU.Build.0 = Debug|Any CPU
		{308E1A58-89D2-4943-84AF-3AC97568D9EE}.Debug|Mixed Platforms.ActiveCfg = Debug|Any CPU
		{308E1A58-89D2-4943-84AF-3AC97568D9EE}.Debug|Mixed Platforms.Build.0 = Debug|Any CPU
		{308E1A58-89D2-4943-84AF-3AC97568D9EE}.Release|.NET.ActiveCfg = Release|Any CPU
		{308E1A58-89D2-4943-84AF-3AC97568D9EE}.Release|Any CPU.ActiveCfg = Release|Any CPU
		{308E1A58-89D2-4943-84AF-3AC97568D9EE}.Release|Any CPU.Build.0 = Release|Any CPU
		{308E1A58-89D2-4943-84AF-3AC97568D9EE}.Release|Mixed Platforms.ActiveCfg = Release|Any CPU
		{308E1A58-89D2-4943-84AF-3AC97568D9EE}.Release|Mixed Platforms.Build.0 = Release|Any CPU
		{FD20227D-E09E-4AF0-B055-F959C09455CE}.Debug|.NET.ActiveCfg = Debug|Any CPU
		{FD20227D-E09E-4AF0-B055-F959C09455CE}.Debug|Any CPU.ActiveCfg = Debug|Any CPU
		{FD20227D-E09E-4AF0-B055-F959C09455CE}.Debug|Any CPU.Build.0 = Debug|Any CPU
		{FD20227D-E09E-4AF0-B055-F959C09455CE}.Debug|Mixed Platforms.ActiveCfg = Debug|Any CPU
		{FD20227D-E09E-4AF0-B055-F959C09455CE}.Debug|Mixed Platforms.Build.0 = Debug|Any CPU
		{FD20227D-E09E-4AF0-B055-F959C09455CE}.Release|.NET.ActiveCfg = Release|Any CPU
		{FD20227D-E09E-4AF0-B055-F959C09455CE}.Release|Any CPU.ActiveCfg = Release|Any CPU
		{FD20227D-E09E-4AF0-B055-F959C09455CE}.Release|Any CPU.Build.0 = Release|Any CPU
		{FD20227D-E09E-4AF0-B055-F959C09455CE}.Release|Mixed Platforms.ActiveCfg = Release|Any CPU
		{FD20227D-E09E-4AF0-B055-F959C09455CE}.Release|Mixed Platforms.Build.0 = Release|Any CPU
		{ED2EA082-7271-4615-8B1F-B9C5BDA695B4}.Debug|.NET.ActiveCfg = Debug|Any CPU
		{ED2EA082-7271-4615-8B1F-B9C5BDA695B4}.Debug|Any CPU.ActiveCfg = Debug|Any CPU
		{ED2EA082-7271-4615-8B1F-B9C5BDA695B4}.Debug|Any CPU.Build.0 = Debug|Any CPU
		{ED2EA082-7271-4615-8B1F-B9C5BDA695B4}.Debug|Mixed Platforms.ActiveCfg = Debug|Any CPU
		{ED2EA082-7271-4615-8B1F-B9C5BDA695B4}.Debug|Mixed Platforms.Build.0 = Debug|Any CPU
		{ED2EA082-7271-4615-8B1F-B9C5BDA695B4}.Release|.NET.ActiveCfg = Release|Any CPU
		{ED2EA082-7271-4615-8B1F-B9C5BDA695B4}.Release|Any CPU.ActiveCfg = Release|Any CPU
		{ED2EA082-7271-4615-8B1F-B9C5BDA695B4}.Release|Any CPU.Build.0 = Release|Any CPU
		{ED2EA082-7271-4615-8B1F-B9C5BDA695B4}.Release|Mixed Platforms.ActiveCfg = Release|Any CPU
		{ED2EA082-7271-4615-8B1F-B9C5BDA695B4}.Release|Mixed Platforms.Build.0 = Release|Any CPU
		{C19B42A6-0CDA-439C-B3E9-6E11FB057733}.Debug|.NET.ActiveCfg = Debug|Any CPU
		{C19B42A6-0CDA-439C-B3E9-6E11FB057733}.Debug|Any CPU.ActiveCfg = Debug|Any CPU
		{C19B42A6-0CDA-439C-B3E9-6E11FB057733}.Debug|Any CPU.Build.0 = Debug|Any CPU
		{C19B42A6-0CDA-439C-B3E9-6E11FB057733}.Debug|Mixed Platforms.ActiveCfg = Debug|Any CPU
		{C19B42A6-0CDA-439C-B3E9-6E11FB057733}.Debug|Mixed Platforms.Build.0 = Debug|Any CPU
		{C19B42A6-0CDA-439C-B3E9-6E11FB057733}.Release|.NET.ActiveCfg = Release|Any CPU
		{C19B42A6-0CDA-439C-B3E9-6E11FB057733}.Release|Any CPU.ActiveCfg = Release|Any CPU
		{C19B42A6-0CDA-439C-B3E9-6E11FB057733}.Release|Any CPU.Build.0 = Release|Any CPU
		{C19B42A6-0CDA-439C-B3E9-6E11FB057733}.Release|Mixed Platforms.ActiveCfg = Release|Any CPU
		{C19B42A6-0CDA-439C-B3E9-6E11FB057733}.Release|Mixed Platforms.Build.0 = Release|Any CPU
		{06975F6E-744C-4622-8B67-F6B520461308}.Debug|.NET.ActiveCfg = Debug|Any CPU
		{06975F6E-744C-4622-8B67-F6B520461308}.Debug|Any CPU.ActiveCfg = Debug|Any CPU
		{06975F6E-744C-4622-8B67-F6B520461308}.Debug|Any CPU.Build.0 = Debug|Any CPU
		{06975F6E-744C-4622-8B67-F6B520461308}.Debug|Mixed Platforms.ActiveCfg = Debug|Any CPU
		{06975F6E-744C-4622-8B67-F6B520461308}.Debug|Mixed Platforms.Build.0 = Debug|Any CPU
		{06975F6E-744C-4622-8B67-F6B520461308}.Release|.NET.ActiveCfg = Release|Any CPU
		{06975F6E-744C-4622-8B67-F6B520461308}.Release|Any CPU.ActiveCfg = Release|Any CPU
		{06975F6E-744C-4622-8B67-F6B520461308}.Release|Any CPU.Build.0 = Release|Any CPU
		{06975F6E-744C-4622-8B67-F6B520461308}.Release|Mixed Platforms.ActiveCfg = Release|Any CPU
		{06975F6E-744C-4622-8B67-F6B520461308}.Release|Mixed Platforms.Build.0 = Release|Any CPU
		{C40A1B09-76E9-477A-B8C9-B13085ABF633}.Debug|.NET.ActiveCfg = Debug|Any CPU
		{C40A1B09-76E9-477A-B8C9-B13085ABF633}.Debug|Any CPU.ActiveCfg = Debug|Any CPU
		{C40A1B09-76E9-477A-B8C9-B13085ABF633}.Debug|Any CPU.Build.0 = Debug|Any CPU
		{C40A1B09-76E9-477A-B8C9-B13085ABF633}.Debug|Mixed Platforms.ActiveCfg = Debug|Any CPU
		{C40A1B09-76E9-477A-B8C9-B13085ABF633}.Debug|Mixed Platforms.Build.0 = Debug|Any CPU
		{C40A1B09-76E9-477A-B8C9-B13085ABF633}.Release|.NET.ActiveCfg = Release|Any CPU
		{C40A1B09-76E9-477A-B8C9-B13085ABF633}.Release|Any CPU.ActiveCfg = Release|Any CPU
		{C40A1B09-76E9-477A-B8C9-B13085ABF633}.Release|Any CPU.Build.0 = Release|Any CPU
		{C40A1B09-76E9-477A-B8C9-B13085ABF633}.Release|Mixed Platforms.ActiveCfg = Release|Any CPU
		{C40A1B09-76E9-477A-B8C9-B13085ABF633}.Release|Mixed Platforms.Build.0 = Release|Any CPU
		{04A97CF5-52F9-45C1-B114-CA21AF6A7F28}.Debug|.NET.ActiveCfg = Debug|Any CPU
		{04A97CF5-52F9-45C1-B114-CA21AF6A7F28}.Debug|Any CPU.ActiveCfg = Debug|Any CPU
		{04A97CF5-52F9-45C1-B114-CA21AF6A7F28}.Debug|Any CPU.Build.0 = Debug|Any CPU
		{04A97CF5-52F9-45C1-B114-CA21AF6A7F28}.Debug|Mixed Platforms.ActiveCfg = Debug|Any CPU
		{04A97CF5-52F9-45C1-B114-CA21AF6A7F28}.Debug|Mixed Platforms.Build.0 = Debug|Any CPU
		{04A97CF5-52F9-45C1-B114-CA21AF6A7F28}.Release|.NET.ActiveCfg = Release|Any CPU
		{04A97CF5-52F9-45C1-B114-CA21AF6A7F28}.Release|Any CPU.ActiveCfg = Release|Any CPU
		{04A97CF5-52F9-45C1-B114-CA21AF6A7F28}.Release|Any CPU.Build.0 = Release|Any CPU
		{04A97CF5-52F9-45C1-B114-CA21AF6A7F28}.Release|Mixed Platforms.ActiveCfg = Release|Any CPU
		{04A97CF5-52F9-45C1-B114-CA21AF6A7F28}.Release|Mixed Platforms.Build.0 = Release|Any CPU
		{41862DB9-0E5C-4010-A03A-B6DCF1E95105}.Debug|.NET.ActiveCfg = Debug|Any CPU
		{41862DB9-0E5C-4010-A03A-B6DCF1E95105}.Debug|Any CPU.ActiveCfg = Debug|Any CPU
		{41862DB9-0E5C-4010-A03A-B6DCF1E95105}.Debug|Any CPU.Build.0 = Debug|Any CPU
		{41862DB9-0E5C-4010-A03A-B6DCF1E95105}.Debug|Mixed Platforms.ActiveCfg = Debug|Any CPU
		{41862DB9-0E5C-4010-A03A-B6DCF1E95105}.Debug|Mixed Platforms.Build.0 = Debug|Any CPU
		{41862DB9-0E5C-4010-A03A-B6DCF1E95105}.Release|.NET.ActiveCfg = Release|Any CPU
		{41862DB9-0E5C-4010-A03A-B6DCF1E95105}.Release|Any CPU.ActiveCfg = Release|Any CPU
		{41862DB9-0E5C-4010-A03A-B6DCF1E95105}.Release|Any CPU.Build.0 = Release|Any CPU
		{41862DB9-0E5C-4010-A03A-B6DCF1E95105}.Release|Mixed Platforms.ActiveCfg = Release|Any CPU
		{41862DB9-0E5C-4010-A03A-B6DCF1E95105}.Release|Mixed Platforms.Build.0 = Release|Any CPU
		{BA2A4CF7-BE10-4CBC-899C-0976D9DBCC74}.Debug|.NET.ActiveCfg = Debug|Any CPU
		{BA2A4CF7-BE10-4CBC-899C-0976D9DBCC74}.Debug|Any CPU.ActiveCfg = Debug|Any CPU
		{BA2A4CF7-BE10-4CBC-899C-0976D9DBCC74}.Debug|Any CPU.Build.0 = Debug|Any CPU
		{BA2A4CF7-BE10-4CBC-899C-0976D9DBCC74}.Debug|Mixed Platforms.ActiveCfg = Debug|Any CPU
		{BA2A4CF7-BE10-4CBC-899C-0976D9DBCC74}.Debug|Mixed Platforms.Build.0 = Debug|Any CPU
		{BA2A4CF7-BE10-4CBC-899C-0976D9DBCC74}.Release|.NET.ActiveCfg = Release|Any CPU
		{BA2A4CF7-BE10-4CBC-899C-0976D9DBCC74}.Release|Any CPU.ActiveCfg = Release|Any CPU
		{BA2A4CF7-BE10-4CBC-899C-0976D9DBCC74}.Release|Any CPU.Build.0 = Release|Any CPU
		{BA2A4CF7-BE10-4CBC-899C-0976D9DBCC74}.Release|Mixed Platforms.ActiveCfg = Release|Any CPU
		{BA2A4CF7-BE10-4CBC-899C-0976D9DBCC74}.Release|Mixed Platforms.Build.0 = Release|Any CPU
		{39D41E1E-D5D1-4CC4-BCCD-D91DB58A04D2}.Debug|.NET.ActiveCfg = Debug|Any CPU
		{39D41E1E-D5D1-4CC4-BCCD-D91DB58A04D2}.Debug|Any CPU.ActiveCfg = Debug|Any CPU
		{39D41E1E-D5D1-4CC4-BCCD-D91DB58A04D2}.Debug|Any CPU.Build.0 = Debug|Any CPU
		{39D41E1E-D5D1-4CC4-BCCD-D91DB58A04D2}.Debug|Mixed Platforms.ActiveCfg = Debug|Any CPU
		{39D41E1E-D5D1-4CC4-BCCD-D91DB58A04D2}.Debug|Mixed Platforms.Build.0 = Debug|Any CPU
		{39D41E1E-D5D1-4CC4-BCCD-D91DB58A04D2}.Release|.NET.ActiveCfg = Release|Any CPU
		{39D41E1E-D5D1-4CC4-BCCD-D91DB58A04D2}.Release|Any CPU.ActiveCfg = Release|Any CPU
		{39D41E1E-D5D1-4CC4-BCCD-D91DB58A04D2}.Release|Any CPU.Build.0 = Release|Any CPU
		{39D41E1E-D5D1-4CC4-BCCD-D91DB58A04D2}.Release|Mixed Platforms.ActiveCfg = Release|Any CPU
		{39D41E1E-D5D1-4CC4-BCCD-D91DB58A04D2}.Release|Mixed Platforms.Build.0 = Release|Any CPU
		{884F4882-8916-42CD-99F6-A80DA650FD0C}.Debug|.NET.ActiveCfg = Debug|Any CPU
		{884F4882-8916-42CD-99F6-A80DA650FD0C}.Debug|Any CPU.ActiveCfg = Debug|Any CPU
		{884F4882-8916-42CD-99F6-A80DA650FD0C}.Debug|Any CPU.Build.0 = Debug|Any CPU
		{884F4882-8916-42CD-99F6-A80DA650FD0C}.Debug|Mixed Platforms.ActiveCfg = Debug|Any CPU
		{884F4882-8916-42CD-99F6-A80DA650FD0C}.Debug|Mixed Platforms.Build.0 = Debug|Any CPU
		{884F4882-8916-42CD-99F6-A80DA650FD0C}.Release|.NET.ActiveCfg = Release|Any CPU
		{884F4882-8916-42CD-99F6-A80DA650FD0C}.Release|Any CPU.ActiveCfg = Release|Any CPU
		{884F4882-8916-42CD-99F6-A80DA650FD0C}.Release|Any CPU.Build.0 = Release|Any CPU
		{884F4882-8916-42CD-99F6-A80DA650FD0C}.Release|Mixed Platforms.ActiveCfg = Release|Any CPU
		{884F4882-8916-42CD-99F6-A80DA650FD0C}.Release|Mixed Platforms.Build.0 = Release|Any CPU
	EndGlobalSection
	GlobalSection(SolutionProperties) = preSolution
		HideSolutionNode = FALSE
	EndGlobalSection
	GlobalSection(NestedProjects) = preSolution
		{3E96B42A-8678-4B4E-BC43-F64F2FFE48B6} = {95F701FD-2093-4520-AB90-D314864AE21F}
		{3CB15450-54E5-4CBE-B252-68B15E9A45F3} = {95F701FD-2093-4520-AB90-D314864AE21F}
		{F6077349-28DF-454E-9F74-140821760C0E} = {95F701FD-2093-4520-AB90-D314864AE21F}
		{717E0E35-9A63-4A2B-B9AE-6C6139CC6861} = {95F701FD-2093-4520-AB90-D314864AE21F}
		{C20C2476-6811-4557-8DA1-389BCB5A4399} = {95F701FD-2093-4520-AB90-D314864AE21F}
		{FD20227D-E09E-4AF0-B055-F959C09455CE} = {95F701FD-2093-4520-AB90-D314864AE21F}
		{06975F6E-744C-4622-8B67-F6B520461308} = {95F701FD-2093-4520-AB90-D314864AE21F}
		{C40A1B09-76E9-477A-B8C9-B13085ABF633} = {95F701FD-2093-4520-AB90-D314864AE21F}
		{04A97CF5-52F9-45C1-B114-CA21AF6A7F28} = {95F701FD-2093-4520-AB90-D314864AE21F}
		{41862DB9-0E5C-4010-A03A-B6DCF1E95105} = {95F701FD-2093-4520-AB90-D314864AE21F}
	EndGlobalSection
EndGlobal
